
Microsoft Visual Studio Solution File, Format Version 12.00
# Visual Studio Version 16
VisualStudioVersion = 16.0.28729.10
MinimumVisualStudioVersion = 10.0.40219.1
Project("{9A19103F-16F7-4668-BE54-9A1E7A4F7556}") = "RevolutionaryStuff.Core", "src\RevolutionaryStuff.Core\RevolutionaryStuff.Core.csproj", "{1D5979C8-2F75-4F8F-9288-3938F6D92BE2}"
EndProject
Project("{FAE04EC0-301F-11D3-BF4B-00C04F79EFBC}") = "RevolutionaryStuff.SSIS", "src\RevolutionaryStuff.SSIS\RevolutionaryStuff.SSIS.csproj", "{0FD20B12-8248-40AA-89D2-E9109F0D6E88}"
EndProject
Project("{9A19103F-16F7-4668-BE54-9A1E7A4F7556}") = "RevolutionaryStuff.Core.Tests", "tests\RevolutionaryStuff.Core.Tests\RevolutionaryStuff.Core.Tests.csproj", "{A94BE5E2-E5A4-4BE3-8CCD-E5B343791AD6}"
EndProject
Project("{9A19103F-16F7-4668-BE54-9A1E7A4F7556}") = "RevolutionaryStuff.ETL", "src\RevolutionaryStuff.ETL\RevolutionaryStuff.ETL.csproj", "{A7622E2B-255A-4C84-A8AA-B34B96678189}"
EndProject
Project("{9A19103F-16F7-4668-BE54-9A1E7A4F7556}") = "RevolutionaryStuff.TheLoader", "src\RevolutionaryStuff.TheLoader\RevolutionaryStuff.TheLoader.csproj", "{4C2ADF1B-6E56-43E6-8DAF-A88326414FE1}"
EndProject
Project("{2150E333-8FDC-42A3-9474-1A3956D46DE8}") = "Solution Items", "Solution Items", "{3778A493-F86C-4136-A810-8D0F014E261F}"
	ProjectSection(SolutionItems) = preProject
		.editorconfig = .editorconfig
	EndProjectSection
EndProject
Project("{2150E333-8FDC-42A3-9474-1A3956D46DE8}") = "Data Store Scripts", "Data Store Scripts", "{FA8F958C-71DA-4287-9F53-5536A70AA274}"
EndProject
Project("{2150E333-8FDC-42A3-9474-1A3956D46DE8}") = "Databases", "Databases", "{64C30BE0-EC17-4C9E-874B-D80D24640FDC}"
EndProject
Project("{2150E333-8FDC-42A3-9474-1A3956D46DE8}") = "Object Relational Mappings", "Object Relational Mappings", "{2F7A5F12-2EE2-444E-90FA-A838768B4509}"
EndProject
Project("{2150E333-8FDC-42A3-9474-1A3956D46DE8}") = "SQL Azure", "SQL Azure", "{E106E553-9FEC-45E5-9A3F-886D6908AC33}"
EndProject
Project("{2150E333-8FDC-42A3-9474-1A3956D46DE8}") = "Foundations", "Foundations", "{0AF8B3E9-E08A-4BF1-B29A-D4AC65C385DB}"
	ProjectSection(SolutionItems) = preProject
		Data Store Scripts\Databases\SQL Azure\Foundations\0001.ChangeLog.sql = Data Store Scripts\Databases\SQL Azure\Foundations\0001.ChangeLog.sql
		Data Store Scripts\Databases\SQL Azure\Foundations\0002.Print.sql = Data Store Scripts\Databases\SQL Azure\Foundations\0002.Print.sql
		Data Store Scripts\Databases\SQL Azure\Foundations\0003.Asserts.sql = Data Store Scripts\Databases\SQL Azure\Foundations\0003.Asserts.sql
		Data Store Scripts\Databases\SQL Azure\Foundations\0004.Sprocs.sql = Data Store Scripts\Databases\SQL Azure\Foundations\0004.Sprocs.sql
		Data Store Scripts\Databases\SQL Azure\Foundations\0005.Descriptive.sql = Data Store Scripts\Databases\SQL Azure\Foundations\0005.Descriptive.sql
		Data Store Scripts\Databases\SQL Azure\Foundations\0006.Types.sql = Data Store Scripts\Databases\SQL Azure\Foundations\0006.Types.sql
	EndProjectSection
EndProject
Project("{2150E333-8FDC-42A3-9474-1A3956D46DE8}") = "Entity Framework Core", "Entity Framework Core", "{149194AE-A6C1-4F65-BC3B-289241E3F628}"
	ProjectSection(SolutionItems) = preProject
		Data Store Scripts\Object Relational Mappings\Entity Framework Core\SchemaMeta2DbContext.t4 = Data Store Scripts\Object Relational Mappings\Entity Framework Core\SchemaMeta2DbContext.t4
		Data Store Scripts\Object Relational Mappings\Entity Framework Core\SchemaMeta2DbContext.tt = Data Store Scripts\Object Relational Mappings\Entity Framework Core\SchemaMeta2DbContext.tt
	EndProjectSection
EndProject
Project("{9A19103F-16F7-4668-BE54-9A1E7A4F7556}") = "RevolutionaryStuff.ETL.Tests", "tests\RevolutionaryStuff.ETL.Tests\RevolutionaryStuff.ETL.Tests.csproj", "{0FAA05EA-AA87-477C-AAFE-171DD7AD483D}"
EndProject
Project("{2150E333-8FDC-42A3-9474-1A3956D46DE8}") = "Tests", "Tests", "{5C225173-831E-4797-B946-845F185EE359}"
EndProject
Project("{9A19103F-16F7-4668-BE54-9A1E7A4F7556}") = "RevolutionaryStuff.Functions.Mergers", "src\RevolutionaryStuff.Functions.Merger.Core\RevolutionaryStuff.Functions.Mergers.csproj", "{9DFE898A-4DA9-4B56-9581-F62B2AA57513}"
EndProject
Project("{2150E333-8FDC-42A3-9474-1A3956D46DE8}") = "Merger", "Merger", "{2714CC10-AB29-4CE9-A9CC-4E6AD1E40312}"
EndProject
Project("{9A19103F-16F7-4668-BE54-9A1E7A4F7556}") = "RevolutionaryStuff.Functions.Mergers.PdfMerger", "src\RevolutionaryStuff.Functions.Merger.PdfMerger\RevolutionaryStuff.Functions.Mergers.PdfMerger.csproj", "{7DCF28B7-2669-447C-B1E4-947F35FAD8CB}"
EndProject
Project("{9A19103F-16F7-4668-BE54-9A1E7A4F7556}") = "RevolutionaryStuff.Functions.Mergers.PdfMergerTests", "src\RevolutionaryStuff.Functions.Merger.PdfMergerTests\RevolutionaryStuff.Functions.Mergers.PdfMergerTests.csproj", "{2650F1B9-C314-4DD1-837F-83559269EAD6}"
EndProject
Project("{9A19103F-16F7-4668-BE54-9A1E7A4F7556}") = "RevolutionaryStuff.Mergers.Core", "src\RevolutionaryStuff.Mergers.Core\RevolutionaryStuff.Mergers.Core.csproj", "{1DEB58A8-D193-4BDC-97E8-34A5D538AD1D}"
EndProject
Project("{9A19103F-16F7-4668-BE54-9A1E7A4F7556}") = "RevolutionaryStuff.Mergers", "src\RevolutionaryStuff.Mergers\RevolutionaryStuff.Mergers.csproj", "{BD31540D-3E04-4E75-A73F-737E1EC226C3}"
EndProject
Project("{FAE04EC0-301F-11D3-BF4B-00C04F79EFBC}") = "RevolutionaryStuff.AspNetCore", "src\RevolutionaryStuff.AspNetCore\RevolutionaryStuff.AspNetCore.csproj", "{7AF46B05-81C4-4633-878D-F9D33DE497F5}"
EndProject
Global
	GlobalSection(SolutionConfigurationPlatforms) = preSolution
		Debug|Any CPU = Debug|Any CPU
		Debug|x64 = Debug|x64
		Release|Any CPU = Release|Any CPU
		Release|x64 = Release|x64
		VSTS-CI|Any CPU = VSTS-CI|Any CPU
		VSTS-CI|x64 = VSTS-CI|x64
	EndGlobalSection
	GlobalSection(ProjectConfigurationPlatforms) = postSolution
		{1D5979C8-2F75-4F8F-9288-3938F6D92BE2}.Debug|Any CPU.ActiveCfg = Debug|Any CPU
		{1D5979C8-2F75-4F8F-9288-3938F6D92BE2}.Debug|Any CPU.Build.0 = Debug|Any CPU
		{1D5979C8-2F75-4F8F-9288-3938F6D92BE2}.Debug|x64.ActiveCfg = Debug|Any CPU
		{1D5979C8-2F75-4F8F-9288-3938F6D92BE2}.Debug|x64.Build.0 = Debug|Any CPU
		{1D5979C8-2F75-4F8F-9288-3938F6D92BE2}.Release|Any CPU.ActiveCfg = Release|Any CPU
		{1D5979C8-2F75-4F8F-9288-3938F6D92BE2}.Release|Any CPU.Build.0 = Release|Any CPU
		{1D5979C8-2F75-4F8F-9288-3938F6D92BE2}.Release|x64.ActiveCfg = Release|Any CPU
		{1D5979C8-2F75-4F8F-9288-3938F6D92BE2}.Release|x64.Build.0 = Release|Any CPU
		{1D5979C8-2F75-4F8F-9288-3938F6D92BE2}.VSTS-CI|Any CPU.ActiveCfg = Release|Any CPU
		{1D5979C8-2F75-4F8F-9288-3938F6D92BE2}.VSTS-CI|Any CPU.Build.0 = Release|Any CPU
		{1D5979C8-2F75-4F8F-9288-3938F6D92BE2}.VSTS-CI|x64.ActiveCfg = Release|Any CPU
		{1D5979C8-2F75-4F8F-9288-3938F6D92BE2}.VSTS-CI|x64.Build.0 = Release|Any CPU
		{0FD20B12-8248-40AA-89D2-E9109F0D6E88}.Debug|Any CPU.ActiveCfg = Debug|Any CPU
		{0FD20B12-8248-40AA-89D2-E9109F0D6E88}.Debug|Any CPU.Build.0 = Debug|Any CPU
		{0FD20B12-8248-40AA-89D2-E9109F0D6E88}.Debug|x64.ActiveCfg = Debug|Any CPU
		{0FD20B12-8248-40AA-89D2-E9109F0D6E88}.Debug|x64.Build.0 = Debug|Any CPU
		{0FD20B12-8248-40AA-89D2-E9109F0D6E88}.Release|Any CPU.ActiveCfg = Release|Any CPU
		{0FD20B12-8248-40AA-89D2-E9109F0D6E88}.Release|Any CPU.Build.0 = Release|Any CPU
		{0FD20B12-8248-40AA-89D2-E9109F0D6E88}.Release|x64.ActiveCfg = Release|Any CPU
		{0FD20B12-8248-40AA-89D2-E9109F0D6E88}.Release|x64.Build.0 = Release|Any CPU
		{0FD20B12-8248-40AA-89D2-E9109F0D6E88}.VSTS-CI|Any CPU.ActiveCfg = VSTS-CI|Any CPU
		{0FD20B12-8248-40AA-89D2-E9109F0D6E88}.VSTS-CI|Any CPU.Build.0 = VSTS-CI|Any CPU
		{0FD20B12-8248-40AA-89D2-E9109F0D6E88}.VSTS-CI|x64.ActiveCfg = VSTS-CI|Any CPU
		{0FD20B12-8248-40AA-89D2-E9109F0D6E88}.VSTS-CI|x64.Build.0 = VSTS-CI|Any CPU
		{A94BE5E2-E5A4-4BE3-8CCD-E5B343791AD6}.Debug|Any CPU.ActiveCfg = Debug|Any CPU
		{A94BE5E2-E5A4-4BE3-8CCD-E5B343791AD6}.Debug|Any CPU.Build.0 = Debug|Any CPU
		{A94BE5E2-E5A4-4BE3-8CCD-E5B343791AD6}.Debug|x64.ActiveCfg = Debug|Any CPU
		{A94BE5E2-E5A4-4BE3-8CCD-E5B343791AD6}.Debug|x64.Build.0 = Debug|Any CPU
		{A94BE5E2-E5A4-4BE3-8CCD-E5B343791AD6}.Release|Any CPU.ActiveCfg = Release|Any CPU
		{A94BE5E2-E5A4-4BE3-8CCD-E5B343791AD6}.Release|Any CPU.Build.0 = Release|Any CPU
		{A94BE5E2-E5A4-4BE3-8CCD-E5B343791AD6}.Release|x64.ActiveCfg = Release|Any CPU
		{A94BE5E2-E5A4-4BE3-8CCD-E5B343791AD6}.Release|x64.Build.0 = Release|Any CPU
		{A94BE5E2-E5A4-4BE3-8CCD-E5B343791AD6}.VSTS-CI|Any CPU.ActiveCfg = Release|Any CPU
		{A94BE5E2-E5A4-4BE3-8CCD-E5B343791AD6}.VSTS-CI|Any CPU.Build.0 = Release|Any CPU
		{A94BE5E2-E5A4-4BE3-8CCD-E5B343791AD6}.VSTS-CI|x64.ActiveCfg = Release|Any CPU
		{A94BE5E2-E5A4-4BE3-8CCD-E5B343791AD6}.VSTS-CI|x64.Build.0 = Release|Any CPU
		{A7622E2B-255A-4C84-A8AA-B34B96678189}.Debug|Any CPU.ActiveCfg = Debug|Any CPU
		{A7622E2B-255A-4C84-A8AA-B34B96678189}.Debug|Any CPU.Build.0 = Debug|Any CPU
		{A7622E2B-255A-4C84-A8AA-B34B96678189}.Debug|x64.ActiveCfg = Debug|Any CPU
		{A7622E2B-255A-4C84-A8AA-B34B96678189}.Debug|x64.Build.0 = Debug|Any CPU
		{A7622E2B-255A-4C84-A8AA-B34B96678189}.Release|Any CPU.ActiveCfg = Release|Any CPU
		{A7622E2B-255A-4C84-A8AA-B34B96678189}.Release|Any CPU.Build.0 = Release|Any CPU
		{A7622E2B-255A-4C84-A8AA-B34B96678189}.Release|x64.ActiveCfg = Release|Any CPU
		{A7622E2B-255A-4C84-A8AA-B34B96678189}.Release|x64.Build.0 = Release|Any CPU
		{A7622E2B-255A-4C84-A8AA-B34B96678189}.VSTS-CI|Any CPU.ActiveCfg = Debug|Any CPU
		{A7622E2B-255A-4C84-A8AA-B34B96678189}.VSTS-CI|Any CPU.Build.0 = Debug|Any CPU
		{A7622E2B-255A-4C84-A8AA-B34B96678189}.VSTS-CI|x64.ActiveCfg = Release|Any CPU
		{A7622E2B-255A-4C84-A8AA-B34B96678189}.VSTS-CI|x64.Build.0 = Release|Any CPU
		{4C2ADF1B-6E56-43E6-8DAF-A88326414FE1}.Debug|Any CPU.ActiveCfg = Debug|Any CPU
		{4C2ADF1B-6E56-43E6-8DAF-A88326414FE1}.Debug|Any CPU.Build.0 = Debug|Any CPU
		{4C2ADF1B-6E56-43E6-8DAF-A88326414FE1}.Debug|x64.ActiveCfg = Debug|Any CPU
		{4C2ADF1B-6E56-43E6-8DAF-A88326414FE1}.Debug|x64.Build.0 = Debug|Any CPU
		{4C2ADF1B-6E56-43E6-8DAF-A88326414FE1}.Release|Any CPU.ActiveCfg = Release|Any CPU
		{4C2ADF1B-6E56-43E6-8DAF-A88326414FE1}.Release|Any CPU.Build.0 = Release|Any CPU
		{4C2ADF1B-6E56-43E6-8DAF-A88326414FE1}.Release|x64.ActiveCfg = Release|Any CPU
		{4C2ADF1B-6E56-43E6-8DAF-A88326414FE1}.Release|x64.Build.0 = Release|Any CPU
		{4C2ADF1B-6E56-43E6-8DAF-A88326414FE1}.VSTS-CI|Any CPU.ActiveCfg = Release|Any CPU
		{4C2ADF1B-6E56-43E6-8DAF-A88326414FE1}.VSTS-CI|Any CPU.Build.0 = Release|Any CPU
		{4C2ADF1B-6E56-43E6-8DAF-A88326414FE1}.VSTS-CI|x64.ActiveCfg = Release|Any CPU
		{4C2ADF1B-6E56-43E6-8DAF-A88326414FE1}.VSTS-CI|x64.Build.0 = Release|Any CPU
		{0FAA05EA-AA87-477C-AAFE-171DD7AD483D}.Debug|Any CPU.ActiveCfg = Debug|Any CPU
		{0FAA05EA-AA87-477C-AAFE-171DD7AD483D}.Debug|Any CPU.Build.0 = Debug|Any CPU
		{0FAA05EA-AA87-477C-AAFE-171DD7AD483D}.Debug|x64.ActiveCfg = Debug|Any CPU
		{0FAA05EA-AA87-477C-AAFE-171DD7AD483D}.Debug|x64.Build.0 = Debug|Any CPU
		{0FAA05EA-AA87-477C-AAFE-171DD7AD483D}.Release|Any CPU.ActiveCfg = Release|Any CPU
		{0FAA05EA-AA87-477C-AAFE-171DD7AD483D}.Release|Any CPU.Build.0 = Release|Any CPU
		{0FAA05EA-AA87-477C-AAFE-171DD7AD483D}.Release|x64.ActiveCfg = Release|Any CPU
		{0FAA05EA-AA87-477C-AAFE-171DD7AD483D}.Release|x64.Build.0 = Release|Any CPU
		{0FAA05EA-AA87-477C-AAFE-171DD7AD483D}.VSTS-CI|Any CPU.ActiveCfg = Debug|Any CPU
		{0FAA05EA-AA87-477C-AAFE-171DD7AD483D}.VSTS-CI|Any CPU.Build.0 = Debug|Any CPU
		{0FAA05EA-AA87-477C-AAFE-171DD7AD483D}.VSTS-CI|x64.ActiveCfg = Debug|Any CPU
		{0FAA05EA-AA87-477C-AAFE-171DD7AD483D}.VSTS-CI|x64.Build.0 = Debug|Any CPU
		{9DFE898A-4DA9-4B56-9581-F62B2AA57513}.Debug|Any CPU.ActiveCfg = Debug|Any CPU
		{9DFE898A-4DA9-4B56-9581-F62B2AA57513}.Debug|Any CPU.Build.0 = Debug|Any CPU
		{9DFE898A-4DA9-4B56-9581-F62B2AA57513}.Debug|x64.ActiveCfg = Debug|Any CPU
		{9DFE898A-4DA9-4B56-9581-F62B2AA57513}.Debug|x64.Build.0 = Debug|Any CPU
		{9DFE898A-4DA9-4B56-9581-F62B2AA57513}.Release|Any CPU.ActiveCfg = Release|Any CPU
		{9DFE898A-4DA9-4B56-9581-F62B2AA57513}.Release|Any CPU.Build.0 = Release|Any CPU
		{9DFE898A-4DA9-4B56-9581-F62B2AA57513}.Release|x64.ActiveCfg = Release|Any CPU
		{9DFE898A-4DA9-4B56-9581-F62B2AA57513}.Release|x64.Build.0 = Release|Any CPU
		{9DFE898A-4DA9-4B56-9581-F62B2AA57513}.VSTS-CI|Any CPU.ActiveCfg = Debug|Any CPU
		{9DFE898A-4DA9-4B56-9581-F62B2AA57513}.VSTS-CI|Any CPU.Build.0 = Debug|Any CPU
		{9DFE898A-4DA9-4B56-9581-F62B2AA57513}.VSTS-CI|x64.ActiveCfg = Debug|Any CPU
		{9DFE898A-4DA9-4B56-9581-F62B2AA57513}.VSTS-CI|x64.Build.0 = Debug|Any CPU
		{7DCF28B7-2669-447C-B1E4-947F35FAD8CB}.Debug|Any CPU.ActiveCfg = Debug|Any CPU
		{7DCF28B7-2669-447C-B1E4-947F35FAD8CB}.Debug|Any CPU.Build.0 = Debug|Any CPU
		{7DCF28B7-2669-447C-B1E4-947F35FAD8CB}.Debug|x64.ActiveCfg = Debug|Any CPU
		{7DCF28B7-2669-447C-B1E4-947F35FAD8CB}.Debug|x64.Build.0 = Debug|Any CPU
		{7DCF28B7-2669-447C-B1E4-947F35FAD8CB}.Release|Any CPU.ActiveCfg = Release|Any CPU
		{7DCF28B7-2669-447C-B1E4-947F35FAD8CB}.Release|Any CPU.Build.0 = Release|Any CPU
		{7DCF28B7-2669-447C-B1E4-947F35FAD8CB}.Release|x64.ActiveCfg = Release|Any CPU
		{7DCF28B7-2669-447C-B1E4-947F35FAD8CB}.Release|x64.Build.0 = Release|Any CPU
		{7DCF28B7-2669-447C-B1E4-947F35FAD8CB}.VSTS-CI|Any CPU.ActiveCfg = Debug|Any CPU
		{7DCF28B7-2669-447C-B1E4-947F35FAD8CB}.VSTS-CI|Any CPU.Build.0 = Debug|Any CPU
		{7DCF28B7-2669-447C-B1E4-947F35FAD8CB}.VSTS-CI|x64.ActiveCfg = Debug|Any CPU
		{7DCF28B7-2669-447C-B1E4-947F35FAD8CB}.VSTS-CI|x64.Build.0 = Debug|Any CPU
		{2650F1B9-C314-4DD1-837F-83559269EAD6}.Debug|Any CPU.ActiveCfg = Debug|Any CPU
		{2650F1B9-C314-4DD1-837F-83559269EAD6}.Debug|Any CPU.Build.0 = Debug|Any CPU
		{2650F1B9-C314-4DD1-837F-83559269EAD6}.Debug|x64.ActiveCfg = Debug|Any CPU
		{2650F1B9-C314-4DD1-837F-83559269EAD6}.Debug|x64.Build.0 = Debug|Any CPU
		{2650F1B9-C314-4DD1-837F-83559269EAD6}.Release|Any CPU.ActiveCfg = Release|Any CPU
		{2650F1B9-C314-4DD1-837F-83559269EAD6}.Release|Any CPU.Build.0 = Release|Any CPU
		{2650F1B9-C314-4DD1-837F-83559269EAD6}.Release|x64.ActiveCfg = Release|Any CPU
		{2650F1B9-C314-4DD1-837F-83559269EAD6}.Release|x64.Build.0 = Release|Any CPU
		{2650F1B9-C314-4DD1-837F-83559269EAD6}.VSTS-CI|Any CPU.ActiveCfg = Debug|Any CPU
		{2650F1B9-C314-4DD1-837F-83559269EAD6}.VSTS-CI|Any CPU.Build.0 = Debug|Any CPU
		{2650F1B9-C314-4DD1-837F-83559269EAD6}.VSTS-CI|x64.ActiveCfg = Debug|Any CPU
		{2650F1B9-C314-4DD1-837F-83559269EAD6}.VSTS-CI|x64.Build.0 = Debug|Any CPU
		{1DEB58A8-D193-4BDC-97E8-34A5D538AD1D}.Debug|Any CPU.ActiveCfg = Debug|Any CPU
		{1DEB58A8-D193-4BDC-97E8-34A5D538AD1D}.Debug|Any CPU.Build.0 = Debug|Any CPU
		{1DEB58A8-D193-4BDC-97E8-34A5D538AD1D}.Debug|x64.ActiveCfg = Debug|Any CPU
		{1DEB58A8-D193-4BDC-97E8-34A5D538AD1D}.Debug|x64.Build.0 = Debug|Any CPU
		{1DEB58A8-D193-4BDC-97E8-34A5D538AD1D}.Release|Any CPU.ActiveCfg = Release|Any CPU
		{1DEB58A8-D193-4BDC-97E8-34A5D538AD1D}.Release|Any CPU.Build.0 = Release|Any CPU
		{1DEB58A8-D193-4BDC-97E8-34A5D538AD1D}.Release|x64.ActiveCfg = Release|Any CPU
		{1DEB58A8-D193-4BDC-97E8-34A5D538AD1D}.Release|x64.Build.0 = Release|Any CPU
		{1DEB58A8-D193-4BDC-97E8-34A5D538AD1D}.VSTS-CI|Any CPU.ActiveCfg = Debug|Any CPU
		{1DEB58A8-D193-4BDC-97E8-34A5D538AD1D}.VSTS-CI|Any CPU.Build.0 = Debug|Any CPU
		{1DEB58A8-D193-4BDC-97E8-34A5D538AD1D}.VSTS-CI|x64.ActiveCfg = Debug|Any CPU
		{1DEB58A8-D193-4BDC-97E8-34A5D538AD1D}.VSTS-CI|x64.Build.0 = Debug|Any CPU
		{BD31540D-3E04-4E75-A73F-737E1EC226C3}.Debug|Any CPU.ActiveCfg = Debug|Any CPU
		{BD31540D-3E04-4E75-A73F-737E1EC226C3}.Debug|Any CPU.Build.0 = Debug|Any CPU
		{BD31540D-3E04-4E75-A73F-737E1EC226C3}.Debug|x64.ActiveCfg = Debug|Any CPU
		{BD31540D-3E04-4E75-A73F-737E1EC226C3}.Debug|x64.Build.0 = Debug|Any CPU
		{BD31540D-3E04-4E75-A73F-737E1EC226C3}.Release|Any CPU.ActiveCfg = Release|Any CPU
		{BD31540D-3E04-4E75-A73F-737E1EC226C3}.Release|Any CPU.Build.0 = Release|Any CPU
		{BD31540D-3E04-4E75-A73F-737E1EC226C3}.Release|x64.ActiveCfg = Release|Any CPU
		{BD31540D-3E04-4E75-A73F-737E1EC226C3}.Release|x64.Build.0 = Release|Any CPU
		{BD31540D-3E04-4E75-A73F-737E1EC226C3}.VSTS-CI|Any CPU.ActiveCfg = Debug|Any CPU
		{BD31540D-3E04-4E75-A73F-737E1EC226C3}.VSTS-CI|Any CPU.Build.0 = Debug|Any CPU
		{BD31540D-3E04-4E75-A73F-737E1EC226C3}.VSTS-CI|x64.ActiveCfg = Debug|Any CPU
		{BD31540D-3E04-4E75-A73F-737E1EC226C3}.VSTS-CI|x64.Build.0 = Debug|Any CPU
		{7AF46B05-81C4-4633-878D-F9D33DE497F5}.Debug|Any CPU.ActiveCfg = Debug|Any CPU
		{7AF46B05-81C4-4633-878D-F9D33DE497F5}.Debug|Any CPU.Build.0 = Debug|Any CPU
		{7AF46B05-81C4-4633-878D-F9D33DE497F5}.Debug|x64.ActiveCfg = Debug|Any CPU
		{7AF46B05-81C4-4633-878D-F9D33DE497F5}.Debug|x64.Build.0 = Debug|Any CPU
		{7AF46B05-81C4-4633-878D-F9D33DE497F5}.Release|Any CPU.ActiveCfg = Release|Any CPU
		{7AF46B05-81C4-4633-878D-F9D33DE497F5}.Release|Any CPU.Build.0 = Release|Any CPU
		{7AF46B05-81C4-4633-878D-F9D33DE497F5}.Release|x64.ActiveCfg = Release|Any CPU
		{7AF46B05-81C4-4633-878D-F9D33DE497F5}.Release|x64.Build.0 = Release|Any CPU
		{7AF46B05-81C4-4633-878D-F9D33DE497F5}.VSTS-CI|Any CPU.ActiveCfg = Debug|Any CPU
		{7AF46B05-81C4-4633-878D-F9D33DE497F5}.VSTS-CI|Any CPU.Build.0 = Debug|Any CPU
		{7AF46B05-81C4-4633-878D-F9D33DE497F5}.VSTS-CI|x64.ActiveCfg = Debug|Any CPU
		{7AF46B05-81C4-4633-878D-F9D33DE497F5}.VSTS-CI|x64.Build.0 = Debug|Any CPU
	EndGlobalSection
	GlobalSection(SolutionProperties) = preSolution
		HideSolutionNode = FALSE
	EndGlobalSection
	GlobalSection(NestedProjects) = preSolution
		{A94BE5E2-E5A4-4BE3-8CCD-E5B343791AD6} = {5C225173-831E-4797-B946-845F185EE359}
		{64C30BE0-EC17-4C9E-874B-D80D24640FDC} = {FA8F958C-71DA-4287-9F53-5536A70AA274}
		{2F7A5F12-2EE2-444E-90FA-A838768B4509} = {FA8F958C-71DA-4287-9F53-5536A70AA274}
		{E106E553-9FEC-45E5-9A3F-886D6908AC33} = {64C30BE0-EC17-4C9E-874B-D80D24640FDC}
		{0AF8B3E9-E08A-4BF1-B29A-D4AC65C385DB} = {E106E553-9FEC-45E5-9A3F-886D6908AC33}
		{149194AE-A6C1-4F65-BC3B-289241E3F628} = {2F7A5F12-2EE2-444E-90FA-A838768B4509}
		{0FAA05EA-AA87-477C-AAFE-171DD7AD483D} = {5C225173-831E-4797-B946-845F185EE359}
		{9DFE898A-4DA9-4B56-9581-F62B2AA57513} = {2714CC10-AB29-4CE9-A9CC-4E6AD1E40312}
		{7DCF28B7-2669-447C-B1E4-947F35FAD8CB} = {2714CC10-AB29-4CE9-A9CC-4E6AD1E40312}
		{2650F1B9-C314-4DD1-837F-83559269EAD6} = {2714CC10-AB29-4CE9-A9CC-4E6AD1E40312}
		{1DEB58A8-D193-4BDC-97E8-34A5D538AD1D} = {2714CC10-AB29-4CE9-A9CC-4E6AD1E40312}
		{BD31540D-3E04-4E75-A73F-737E1EC226C3} = {2714CC10-AB29-4CE9-A9CC-4E6AD1E40312}
	EndGlobalSection
	GlobalSection(ExtensibilityGlobals) = postSolution
		SolutionGuid = {32963F03-EC23-4F51-A9D4-FB17A528947E}
	EndGlobalSection
EndGlobal
