
Microsoft Visual Studio Solution File, Format Version 12.00
# Visual Studio Version 17
VisualStudioVersion = 17.4.33103.184
MinimumVisualStudioVersion = 10.0.40219.1
Project("{9A19103F-16F7-4668-BE54-9A1E7A4F7556}") = "RevolutionaryStuff.Core", "src\RevolutionaryStuff.Core\RevolutionaryStuff.Core.csproj", "{1D5979C8-2F75-4F8F-9288-3938F6D92BE2}"
EndProject
Project("{FAE04EC0-301F-11D3-BF4B-00C04F79EFBC}") = "RevolutionaryStuff.SSIS", "src\RevolutionaryStuff.SSIS\RevolutionaryStuff.SSIS.csproj", "{0FD20B12-8248-40AA-89D2-E9109F0D6E88}"
EndProject
Project("{9A19103F-16F7-4668-BE54-9A1E7A4F7556}") = "RevolutionaryStuff.Core.Tests", "tests\RevolutionaryStuff.Core.Tests\RevolutionaryStuff.Core.Tests.csproj", "{A94BE5E2-E5A4-4BE3-8CCD-E5B343791AD6}"
EndProject
Project("{9A19103F-16F7-4668-BE54-9A1E7A4F7556}") = "RevolutionaryStuff.Data.ETL", "src\RevolutionaryStuff.ETL\RevolutionaryStuff.Data.ETL.csproj", "{A7622E2B-255A-4C84-A8AA-B34B96678189}"
EndProject
Project("{9A19103F-16F7-4668-BE54-9A1E7A4F7556}") = "RevolutionaryStuff.TheLoader", "src\RevolutionaryStuff.TheLoader\RevolutionaryStuff.TheLoader.csproj", "{4C2ADF1B-6E56-43E6-8DAF-A88326414FE1}"
EndProject
Project("{2150E333-8FDC-42A3-9474-1A3956D46DE8}") = "Solution Items", "Solution Items", "{3778A493-F86C-4136-A810-8D0F014E261F}"
	ProjectSection(SolutionItems) = preProject
		.editorconfig = .editorconfig
		.gitattributes = .gitattributes
		.gitignore = .gitignore
		global.json = global.json
		UploadToNuget.ps1 = UploadToNuget.ps1
	EndProjectSection
EndProject
Project("{2150E333-8FDC-42A3-9474-1A3956D46DE8}") = "Data Store Scripts", "Data Store Scripts", "{FA8F958C-71DA-4287-9F53-5536A70AA274}"
EndProject
Project("{2150E333-8FDC-42A3-9474-1A3956D46DE8}") = "Databases", "Databases", "{64C30BE0-EC17-4C9E-874B-D80D24640FDC}"
EndProject
Project("{2150E333-8FDC-42A3-9474-1A3956D46DE8}") = "Object Relational Mappings", "Object Relational Mappings", "{2F7A5F12-2EE2-444E-90FA-A838768B4509}"
EndProject
Project("{2150E333-8FDC-42A3-9474-1A3956D46DE8}") = "SQL Azure", "SQL Azure", "{E106E553-9FEC-45E5-9A3F-886D6908AC33}"
EndProject
Project("{2150E333-8FDC-42A3-9474-1A3956D46DE8}") = "Foundations", "Foundations", "{0AF8B3E9-E08A-4BF1-B29A-D4AC65C385DB}"
	ProjectSection(SolutionItems) = preProject
		Data Store Scripts\Databases\SQL Azure\Foundations\0001.ChangeLog.sql = Data Store Scripts\Databases\SQL Azure\Foundations\0001.ChangeLog.sql
		Data Store Scripts\Databases\SQL Azure\Foundations\0002.Print.sql = Data Store Scripts\Databases\SQL Azure\Foundations\0002.Print.sql
		Data Store Scripts\Databases\SQL Azure\Foundations\0003.Asserts.sql = Data Store Scripts\Databases\SQL Azure\Foundations\0003.Asserts.sql
		Data Store Scripts\Databases\SQL Azure\Foundations\0004.Sprocs.sql = Data Store Scripts\Databases\SQL Azure\Foundations\0004.Sprocs.sql
		Data Store Scripts\Databases\SQL Azure\Foundations\0005.Descriptive.sql = Data Store Scripts\Databases\SQL Azure\Foundations\0005.Descriptive.sql
		Data Store Scripts\Databases\SQL Azure\Foundations\0006.Types.sql = Data Store Scripts\Databases\SQL Azure\Foundations\0006.Types.sql
	EndProjectSection
EndProject
Project("{2150E333-8FDC-42A3-9474-1A3956D46DE8}") = "Entity Framework Core", "Entity Framework Core", "{149194AE-A6C1-4F65-BC3B-289241E3F628}"
	ProjectSection(SolutionItems) = preProject
		Data Store Scripts\Object Relational Mappings\Entity Framework Core\SchemaMeta2DbContext.t4 = Data Store Scripts\Object Relational Mappings\Entity Framework Core\SchemaMeta2DbContext.t4
		Data Store Scripts\Object Relational Mappings\Entity Framework Core\SchemaMeta2DbContext.tt = Data Store Scripts\Object Relational Mappings\Entity Framework Core\SchemaMeta2DbContext.tt
	EndProjectSection
EndProject
Project("{9A19103F-16F7-4668-BE54-9A1E7A4F7556}") = "RevolutionaryStuff.ETL.Tests", "tests\RevolutionaryStuff.ETL.Tests\RevolutionaryStuff.ETL.Tests.csproj", "{0FAA05EA-AA87-477C-AAFE-171DD7AD483D}"
EndProject
Project("{2150E333-8FDC-42A3-9474-1A3956D46DE8}") = "Tests", "Tests", "{5C225173-831E-4797-B946-845F185EE359}"
EndProject
Project("{9A19103F-16F7-4668-BE54-9A1E7A4F7556}") = "RevolutionaryStuff.Functions.Mergers", "src\RevolutionaryStuff.Functions.Merger.Core\RevolutionaryStuff.Functions.Mergers.csproj", "{9DFE898A-4DA9-4B56-9581-F62B2AA57513}"
EndProject
Project("{2150E333-8FDC-42A3-9474-1A3956D46DE8}") = "Merger", "Merger", "{2714CC10-AB29-4CE9-A9CC-4E6AD1E40312}"
EndProject
Project("{9A19103F-16F7-4668-BE54-9A1E7A4F7556}") = "RevolutionaryStuff.Functions.Mergers.PdfMerger", "src\RevolutionaryStuff.Functions.Merger.PdfMerger\RevolutionaryStuff.Functions.Mergers.PdfMerger.csproj", "{7DCF28B7-2669-447C-B1E4-947F35FAD8CB}"
EndProject
Project("{9A19103F-16F7-4668-BE54-9A1E7A4F7556}") = "RevolutionaryStuff.Functions.Mergers.PdfMergerTests", "src\RevolutionaryStuff.Functions.Merger.PdfMergerTests\RevolutionaryStuff.Functions.Mergers.PdfMergerTests.csproj", "{2650F1B9-C314-4DD1-837F-83559269EAD6}"
EndProject
Project("{9A19103F-16F7-4668-BE54-9A1E7A4F7556}") = "RevolutionaryStuff.Mergers.Core", "src\RevolutionaryStuff.Mergers.Core\RevolutionaryStuff.Mergers.Core.csproj", "{1DEB58A8-D193-4BDC-97E8-34A5D538AD1D}"
EndProject
Project("{9A19103F-16F7-4668-BE54-9A1E7A4F7556}") = "RevolutionaryStuff.Mergers", "src\RevolutionaryStuff.Mergers\RevolutionaryStuff.Mergers.csproj", "{BD31540D-3E04-4E75-A73F-737E1EC226C3}"
EndProject
Project("{9A19103F-16F7-4668-BE54-9A1E7A4F7556}") = "RevolutionaryStuff.AspNetCore", "src\RevolutionaryStuff.AspNetCore\RevolutionaryStuff.AspNetCore.csproj", "{7AF46B05-81C4-4633-878D-F9D33DE497F5}"
EndProject
Project("{9A19103F-16F7-4668-BE54-9A1E7A4F7556}") = "RevolutionaryStuff.Data.SqlServer", "src\RevolutionaryStuff.SqlServer\RevolutionaryStuff.Data.SqlServer.csproj", "{7510F3DE-5CB1-4798-BD0D-7F99D54D7B62}"
EndProject
Project("{9A19103F-16F7-4668-BE54-9A1E7A4F7556}") = "RevolutionaryStuff.Data.JsonStore", "src\RevolutionaryStuff.Data.JsonStore\RevolutionaryStuff.Data.JsonStore.csproj", "{1D04788F-2C40-4707-A55D-199FEF02AE3E}"
EndProject
Project("{9A19103F-16F7-4668-BE54-9A1E7A4F7556}") = "RevolutionaryStuff.Data.JsonStore.Cosmos", "src\RevolutionaryStuff.Data.JsonStore.Cosmos\RevolutionaryStuff.Data.JsonStore.Cosmos.csproj", "{6BFE4327-B30D-4CC2-8761-A6B6DC7FADB6}"
EndProject
Project("{9A19103F-16F7-4668-BE54-9A1E7A4F7556}") = "RevolutionaryStuff.Data.Cosmos", "src\RevolutionaryStuff.Data.Cosmos\RevolutionaryStuff.Data.Cosmos.csproj", "{BBD2E000-66BA-45CE-BBA0-DD19CF3AFD5D}"
EndProject
Project("{9A19103F-16F7-4668-BE54-9A1E7A4F7556}") = "RevolutionaryStuff.Azure", "src\RevolutionaryStuff.Azure\RevolutionaryStuff.Azure.csproj", "{4D6F6F06-8DD5-4A28-B620-634D855EB68C}"
EndProject
Project("{9A19103F-16F7-4668-BE54-9A1E7A4F7556}") = "revolutionarystuff.com", "src\revolutionarystuff.com\revolutionarystuff.com.csproj", "{B9D6B5C5-8C92-4D30-BB82-D7A0B3B93869}"
EndProject
Project("{FAE04EC0-301F-11D3-BF4B-00C04F79EFBC}") = "RevolutionaryStuff.Maui", "src\RevolutionaryStuff.Maui\RevolutionaryStuff.Maui.csproj", "{43E18D8F-FB41-490D-9D8F-5BBCBF5B103E}"
EndProject
Project("{FAE04EC0-301F-11D3-BF4B-00C04F79EFBC}") = "RevolutionaryStuff.ApiCore", "src\RevolutionaryStuff.ApiCore\RevolutionaryStuff.ApiCore.csproj", "{53BF4BC8-69A2-4517-80E3-E988EE490970}"
EndProject
Project("{FAE04EC0-301F-11D3-BF4B-00C04F79EFBC}") = "RevolutionaryStuff.Dapr", "src\RevolutionaryStuff.Dapr\RevolutionaryStuff.Dapr.csproj", "{4EEA9BCE-FD77-4C21-A7E9-99D614CE4CC6}"
EndProject
Project("{FAE04EC0-301F-11D3-BF4B-00C04F79EFBC}") = "RevolutionaryStuff.Data.SqlAzure", "src\RevolutionaryStuff.Data.SqlAzure\RevolutionaryStuff.Data.SqlAzure.csproj", "{72B979F1-066C-4664-83BB-A0F0564A04E3}"
EndProject
Project("{2150E333-8FDC-42A3-9474-1A3956D46DE8}") = "_Dead", "_Dead", "{54787B8D-BE3D-0E23-1C8C-24CA44B0D309}"
EndProject
Project("{FAE04EC0-301F-11D3-BF4B-00C04F79EFBC}") = "RevolutionaryStuff.Storage", "src\RevolutionaryStuff.Storage\RevolutionaryStuff.Storage.csproj", "{028491BE-D0A4-4CEC-A8B8-FCCB19538028}"
EndProject
Project("{FAE04EC0-301F-11D3-BF4B-00C04F79EFBC}") = "RevolutionaryStuff.Storage.Providers.Azure.Blob", "src\RevolutionaryStuff.Storage.Providers.Azure.Blob\RevolutionaryStuff.Storage.Providers.Azure.Blob.csproj", "{C8DCA563-4F2F-3C08-9877-23871E335104}"
EndProject
Project("{FAE04EC0-301F-11D3-BF4B-00C04F79EFBC}") = "RevolutionaryStuff.Storage.Providers.LocalFileSystem", "src\RevolutionaryStuff.Storage.Providers.LocalFileSystem\RevolutionaryStuff.Storage.Providers.LocalFileSystem.csproj", "{03D7C9B8-4C7A-EFF9-EA56-3716533B8F14}"
EndProject
Project("{FAE04EC0-301F-11D3-BF4B-00C04F79EFBC}") = "RevolutionaryStuff.Crm", "src\RevolutionaryStuff.Crm\RevolutionaryStuff.Crm.csproj", "{3A904B2B-A404-4345-9D27-AE53956B5AE2}"
EndProject
Project("{FAE04EC0-301F-11D3-BF4B-00C04F79EFBC}") = "RevolutionaryStuff.Crm.MondayCom", "src\RevolutionaryStuff.Crm.MondayCom\RevolutionaryStuff.Crm.MondayCom.csproj", "{AA40B45C-7E24-483B-9F47-062590B4CA08}"
EndProject
Project("{FAE04EC0-301F-11D3-BF4B-00C04F79EFBC}") = "RevolutionaryStuff.Crm.OpenPhone", "src\RevolutionaryStuff.Crm.OpenPhone\RevolutionaryStuff.Crm.OpenPhone.csproj", "{90219F1E-3A2F-4E61-A1B4-86796EB50599}"
EndProject
Project("{FAE04EC0-301F-11D3-BF4B-00C04F79EFBC}") = "RevolutionaryStuff.Azure.Tests", "tests\RevolutionaryStuff.Azure.Tests\RevolutionaryStuff.Azure.Tests.csproj", "{3CF3D3F3-251F-4EA7-A7E1-4D79532AB78A}"
EndProject
Project("{2150E333-8FDC-42A3-9474-1A3956D46DE8}") = "src", "src", "{827E0CD3-B72D-47B6-A68D-7590B98EB39B}"
EndProject
Global
	GlobalSection(SolutionConfigurationPlatforms) = preSolution
		Debug|Any CPU = Debug|Any CPU
		Debug|x64 = Debug|x64
		Debug|x86 = Debug|x86
		Release|Any CPU = Release|Any CPU
		Release|x64 = Release|x64
		Release|x86 = Release|x86
		VSTS-CI|Any CPU = VSTS-CI|Any CPU
		VSTS-CI|x64 = VSTS-CI|x64
		VSTS-CI|x86 = VSTS-CI|x86
	EndGlobalSection
	GlobalSection(ProjectConfigurationPlatforms) = postSolution
		{1D5979C8-2F75-4F8F-9288-3938F6D92BE2}.Debug|Any CPU.ActiveCfg = Debug|Any CPU
		{1D5979C8-2F75-4F8F-9288-3938F6D92BE2}.Debug|Any CPU.Build.0 = Debug|Any CPU
		{1D5979C8-2F75-4F8F-9288-3938F6D92BE2}.Debug|x64.ActiveCfg = Debug|Any CPU
		{1D5979C8-2F75-4F8F-9288-3938F6D92BE2}.Debug|x64.Build.0 = Debug|Any CPU
		{1D5979C8-2F75-4F8F-9288-3938F6D92BE2}.Debug|x86.ActiveCfg = Debug|Any CPU
		{1D5979C8-2F75-4F8F-9288-3938F6D92BE2}.Debug|x86.Build.0 = Debug|Any CPU
		{1D5979C8-2F75-4F8F-9288-3938F6D92BE2}.Release|Any CPU.ActiveCfg = Release|Any CPU
		{1D5979C8-2F75-4F8F-9288-3938F6D92BE2}.Release|Any CPU.Build.0 = Release|Any CPU
		{1D5979C8-2F75-4F8F-9288-3938F6D92BE2}.Release|x64.ActiveCfg = Release|Any CPU
		{1D5979C8-2F75-4F8F-9288-3938F6D92BE2}.Release|x64.Build.0 = Release|Any CPU
		{1D5979C8-2F75-4F8F-9288-3938F6D92BE2}.Release|x86.ActiveCfg = Release|Any CPU
		{1D5979C8-2F75-4F8F-9288-3938F6D92BE2}.Release|x86.Build.0 = Release|Any CPU
		{1D5979C8-2F75-4F8F-9288-3938F6D92BE2}.VSTS-CI|Any CPU.ActiveCfg = Release|Any CPU
		{1D5979C8-2F75-4F8F-9288-3938F6D92BE2}.VSTS-CI|Any CPU.Build.0 = Release|Any CPU
		{1D5979C8-2F75-4F8F-9288-3938F6D92BE2}.VSTS-CI|x64.ActiveCfg = Release|Any CPU
		{1D5979C8-2F75-4F8F-9288-3938F6D92BE2}.VSTS-CI|x64.Build.0 = Release|Any CPU
		{1D5979C8-2F75-4F8F-9288-3938F6D92BE2}.VSTS-CI|x86.ActiveCfg = VSTS-CI|Any CPU
		{1D5979C8-2F75-4F8F-9288-3938F6D92BE2}.VSTS-CI|x86.Build.0 = VSTS-CI|Any CPU
		{0FD20B12-8248-40AA-89D2-E9109F0D6E88}.Debug|Any CPU.ActiveCfg = Debug|Any CPU
		{0FD20B12-8248-40AA-89D2-E9109F0D6E88}.Debug|Any CPU.Build.0 = Debug|Any CPU
		{0FD20B12-8248-40AA-89D2-E9109F0D6E88}.Debug|x64.ActiveCfg = Debug|Any CPU
		{0FD20B12-8248-40AA-89D2-E9109F0D6E88}.Debug|x64.Build.0 = Debug|Any CPU
		{0FD20B12-8248-40AA-89D2-E9109F0D6E88}.Debug|x86.ActiveCfg = Debug|Any CPU
		{0FD20B12-8248-40AA-89D2-E9109F0D6E88}.Debug|x86.Build.0 = Debug|Any CPU
		{0FD20B12-8248-40AA-89D2-E9109F0D6E88}.Release|Any CPU.ActiveCfg = Release|Any CPU
		{0FD20B12-8248-40AA-89D2-E9109F0D6E88}.Release|Any CPU.Build.0 = Release|Any CPU
		{0FD20B12-8248-40AA-89D2-E9109F0D6E88}.Release|x64.ActiveCfg = Release|Any CPU
		{0FD20B12-8248-40AA-89D2-E9109F0D6E88}.Release|x64.Build.0 = Release|Any CPU
		{0FD20B12-8248-40AA-89D2-E9109F0D6E88}.Release|x86.ActiveCfg = Release|Any CPU
		{0FD20B12-8248-40AA-89D2-E9109F0D6E88}.Release|x86.Build.0 = Release|Any CPU
		{0FD20B12-8248-40AA-89D2-E9109F0D6E88}.VSTS-CI|Any CPU.ActiveCfg = VSTS-CI|Any CPU
		{0FD20B12-8248-40AA-89D2-E9109F0D6E88}.VSTS-CI|Any CPU.Build.0 = VSTS-CI|Any CPU
		{0FD20B12-8248-40AA-89D2-E9109F0D6E88}.VSTS-CI|x64.ActiveCfg = VSTS-CI|Any CPU
		{0FD20B12-8248-40AA-89D2-E9109F0D6E88}.VSTS-CI|x64.Build.0 = VSTS-CI|Any CPU
		{0FD20B12-8248-40AA-89D2-E9109F0D6E88}.VSTS-CI|x86.ActiveCfg = VSTS-CI|Any CPU
		{0FD20B12-8248-40AA-89D2-E9109F0D6E88}.VSTS-CI|x86.Build.0 = VSTS-CI|Any CPU
		{A94BE5E2-E5A4-4BE3-8CCD-E5B343791AD6}.Debug|Any CPU.ActiveCfg = Debug|Any CPU
		{A94BE5E2-E5A4-4BE3-8CCD-E5B343791AD6}.Debug|Any CPU.Build.0 = Debug|Any CPU
		{A94BE5E2-E5A4-4BE3-8CCD-E5B343791AD6}.Debug|x64.ActiveCfg = Debug|Any CPU
		{A94BE5E2-E5A4-4BE3-8CCD-E5B343791AD6}.Debug|x64.Build.0 = Debug|Any CPU
		{A94BE5E2-E5A4-4BE3-8CCD-E5B343791AD6}.Debug|x86.ActiveCfg = Debug|Any CPU
		{A94BE5E2-E5A4-4BE3-8CCD-E5B343791AD6}.Debug|x86.Build.0 = Debug|Any CPU
		{A94BE5E2-E5A4-4BE3-8CCD-E5B343791AD6}.Release|Any CPU.ActiveCfg = Release|Any CPU
		{A94BE5E2-E5A4-4BE3-8CCD-E5B343791AD6}.Release|Any CPU.Build.0 = Release|Any CPU
		{A94BE5E2-E5A4-4BE3-8CCD-E5B343791AD6}.Release|x64.ActiveCfg = Release|Any CPU
		{A94BE5E2-E5A4-4BE3-8CCD-E5B343791AD6}.Release|x64.Build.0 = Release|Any CPU
		{A94BE5E2-E5A4-4BE3-8CCD-E5B343791AD6}.Release|x86.ActiveCfg = Release|Any CPU
		{A94BE5E2-E5A4-4BE3-8CCD-E5B343791AD6}.Release|x86.Build.0 = Release|Any CPU
		{A94BE5E2-E5A4-4BE3-8CCD-E5B343791AD6}.VSTS-CI|Any CPU.ActiveCfg = Release|Any CPU
		{A94BE5E2-E5A4-4BE3-8CCD-E5B343791AD6}.VSTS-CI|Any CPU.Build.0 = Release|Any CPU
		{A94BE5E2-E5A4-4BE3-8CCD-E5B343791AD6}.VSTS-CI|x64.ActiveCfg = Release|Any CPU
		{A94BE5E2-E5A4-4BE3-8CCD-E5B343791AD6}.VSTS-CI|x64.Build.0 = Release|Any CPU
		{A94BE5E2-E5A4-4BE3-8CCD-E5B343791AD6}.VSTS-CI|x86.ActiveCfg = VSTS-CI|Any CPU
		{A94BE5E2-E5A4-4BE3-8CCD-E5B343791AD6}.VSTS-CI|x86.Build.0 = VSTS-CI|Any CPU
		{A7622E2B-255A-4C84-A8AA-B34B96678189}.Debug|Any CPU.ActiveCfg = Debug|Any CPU
		{A7622E2B-255A-4C84-A8AA-B34B96678189}.Debug|Any CPU.Build.0 = Debug|Any CPU
		{A7622E2B-255A-4C84-A8AA-B34B96678189}.Debug|x64.ActiveCfg = Debug|Any CPU
		{A7622E2B-255A-4C84-A8AA-B34B96678189}.Debug|x64.Build.0 = Debug|Any CPU
		{A7622E2B-255A-4C84-A8AA-B34B96678189}.Debug|x86.ActiveCfg = Debug|Any CPU
		{A7622E2B-255A-4C84-A8AA-B34B96678189}.Debug|x86.Build.0 = Debug|Any CPU
		{A7622E2B-255A-4C84-A8AA-B34B96678189}.Release|Any CPU.ActiveCfg = Release|Any CPU
		{A7622E2B-255A-4C84-A8AA-B34B96678189}.Release|Any CPU.Build.0 = Release|Any CPU
		{A7622E2B-255A-4C84-A8AA-B34B96678189}.Release|x64.ActiveCfg = Release|Any CPU
		{A7622E2B-255A-4C84-A8AA-B34B96678189}.Release|x64.Build.0 = Release|Any CPU
		{A7622E2B-255A-4C84-A8AA-B34B96678189}.Release|x86.ActiveCfg = Release|Any CPU
		{A7622E2B-255A-4C84-A8AA-B34B96678189}.Release|x86.Build.0 = Release|Any CPU
		{A7622E2B-255A-4C84-A8AA-B34B96678189}.VSTS-CI|Any CPU.ActiveCfg = Debug|Any CPU
		{A7622E2B-255A-4C84-A8AA-B34B96678189}.VSTS-CI|Any CPU.Build.0 = Debug|Any CPU
		{A7622E2B-255A-4C84-A8AA-B34B96678189}.VSTS-CI|x64.ActiveCfg = Release|Any CPU
		{A7622E2B-255A-4C84-A8AA-B34B96678189}.VSTS-CI|x64.Build.0 = Release|Any CPU
		{A7622E2B-255A-4C84-A8AA-B34B96678189}.VSTS-CI|x86.ActiveCfg = VSTS-CI|Any CPU
		{A7622E2B-255A-4C84-A8AA-B34B96678189}.VSTS-CI|x86.Build.0 = VSTS-CI|Any CPU
		{4C2ADF1B-6E56-43E6-8DAF-A88326414FE1}.Debug|Any CPU.ActiveCfg = Debug|Any CPU
		{4C2ADF1B-6E56-43E6-8DAF-A88326414FE1}.Debug|Any CPU.Build.0 = Debug|Any CPU
		{4C2ADF1B-6E56-43E6-8DAF-A88326414FE1}.Debug|x64.ActiveCfg = Debug|Any CPU
		{4C2ADF1B-6E56-43E6-8DAF-A88326414FE1}.Debug|x64.Build.0 = Debug|Any CPU
		{4C2ADF1B-6E56-43E6-8DAF-A88326414FE1}.Debug|x86.ActiveCfg = Debug|Any CPU
		{4C2ADF1B-6E56-43E6-8DAF-A88326414FE1}.Debug|x86.Build.0 = Debug|Any CPU
		{4C2ADF1B-6E56-43E6-8DAF-A88326414FE1}.Release|Any CPU.ActiveCfg = Release|Any CPU
		{4C2ADF1B-6E56-43E6-8DAF-A88326414FE1}.Release|Any CPU.Build.0 = Release|Any CPU
		{4C2ADF1B-6E56-43E6-8DAF-A88326414FE1}.Release|x64.ActiveCfg = Release|Any CPU
		{4C2ADF1B-6E56-43E6-8DAF-A88326414FE1}.Release|x64.Build.0 = Release|Any CPU
		{4C2ADF1B-6E56-43E6-8DAF-A88326414FE1}.Release|x86.ActiveCfg = Release|Any CPU
		{4C2ADF1B-6E56-43E6-8DAF-A88326414FE1}.Release|x86.Build.0 = Release|Any CPU
		{4C2ADF1B-6E56-43E6-8DAF-A88326414FE1}.VSTS-CI|Any CPU.ActiveCfg = Release|Any CPU
		{4C2ADF1B-6E56-43E6-8DAF-A88326414FE1}.VSTS-CI|Any CPU.Build.0 = Release|Any CPU
		{4C2ADF1B-6E56-43E6-8DAF-A88326414FE1}.VSTS-CI|x64.ActiveCfg = Release|Any CPU
		{4C2ADF1B-6E56-43E6-8DAF-A88326414FE1}.VSTS-CI|x64.Build.0 = Release|Any CPU
		{4C2ADF1B-6E56-43E6-8DAF-A88326414FE1}.VSTS-CI|x86.ActiveCfg = VSTS-CI|Any CPU
		{4C2ADF1B-6E56-43E6-8DAF-A88326414FE1}.VSTS-CI|x86.Build.0 = VSTS-CI|Any CPU
		{0FAA05EA-AA87-477C-AAFE-171DD7AD483D}.Debug|Any CPU.ActiveCfg = Debug|Any CPU
		{0FAA05EA-AA87-477C-AAFE-171DD7AD483D}.Debug|Any CPU.Build.0 = Debug|Any CPU
		{0FAA05EA-AA87-477C-AAFE-171DD7AD483D}.Debug|x64.ActiveCfg = Debug|Any CPU
		{0FAA05EA-AA87-477C-AAFE-171DD7AD483D}.Debug|x64.Build.0 = Debug|Any CPU
		{0FAA05EA-AA87-477C-AAFE-171DD7AD483D}.Debug|x86.ActiveCfg = Debug|Any CPU
		{0FAA05EA-AA87-477C-AAFE-171DD7AD483D}.Debug|x86.Build.0 = Debug|Any CPU
		{0FAA05EA-AA87-477C-AAFE-171DD7AD483D}.Release|Any CPU.ActiveCfg = Release|Any CPU
		{0FAA05EA-AA87-477C-AAFE-171DD7AD483D}.Release|Any CPU.Build.0 = Release|Any CPU
		{0FAA05EA-AA87-477C-AAFE-171DD7AD483D}.Release|x64.ActiveCfg = Release|Any CPU
		{0FAA05EA-AA87-477C-AAFE-171DD7AD483D}.Release|x64.Build.0 = Release|Any CPU
		{0FAA05EA-AA87-477C-AAFE-171DD7AD483D}.Release|x86.ActiveCfg = Release|Any CPU
		{0FAA05EA-AA87-477C-AAFE-171DD7AD483D}.Release|x86.Build.0 = Release|Any CPU
		{0FAA05EA-AA87-477C-AAFE-171DD7AD483D}.VSTS-CI|Any CPU.ActiveCfg = Debug|Any CPU
		{0FAA05EA-AA87-477C-AAFE-171DD7AD483D}.VSTS-CI|Any CPU.Build.0 = Debug|Any CPU
		{0FAA05EA-AA87-477C-AAFE-171DD7AD483D}.VSTS-CI|x64.ActiveCfg = Debug|Any CPU
		{0FAA05EA-AA87-477C-AAFE-171DD7AD483D}.VSTS-CI|x64.Build.0 = Debug|Any CPU
		{0FAA05EA-AA87-477C-AAFE-171DD7AD483D}.VSTS-CI|x86.ActiveCfg = VSTS-CI|Any CPU
		{0FAA05EA-AA87-477C-AAFE-171DD7AD483D}.VSTS-CI|x86.Build.0 = VSTS-CI|Any CPU
		{9DFE898A-4DA9-4B56-9581-F62B2AA57513}.Debug|Any CPU.ActiveCfg = Debug|Any CPU
		{9DFE898A-4DA9-4B56-9581-F62B2AA57513}.Debug|Any CPU.Build.0 = Debug|Any CPU
		{9DFE898A-4DA9-4B56-9581-F62B2AA57513}.Debug|x64.ActiveCfg = Debug|Any CPU
		{9DFE898A-4DA9-4B56-9581-F62B2AA57513}.Debug|x64.Build.0 = Debug|Any CPU
		{9DFE898A-4DA9-4B56-9581-F62B2AA57513}.Debug|x86.ActiveCfg = Debug|Any CPU
		{9DFE898A-4DA9-4B56-9581-F62B2AA57513}.Debug|x86.Build.0 = Debug|Any CPU
		{9DFE898A-4DA9-4B56-9581-F62B2AA57513}.Release|Any CPU.ActiveCfg = Release|Any CPU
		{9DFE898A-4DA9-4B56-9581-F62B2AA57513}.Release|Any CPU.Build.0 = Release|Any CPU
		{9DFE898A-4DA9-4B56-9581-F62B2AA57513}.Release|x64.ActiveCfg = Release|Any CPU
		{9DFE898A-4DA9-4B56-9581-F62B2AA57513}.Release|x64.Build.0 = Release|Any CPU
		{9DFE898A-4DA9-4B56-9581-F62B2AA57513}.Release|x86.ActiveCfg = Release|Any CPU
		{9DFE898A-4DA9-4B56-9581-F62B2AA57513}.Release|x86.Build.0 = Release|Any CPU
		{9DFE898A-4DA9-4B56-9581-F62B2AA57513}.VSTS-CI|Any CPU.ActiveCfg = Debug|Any CPU
		{9DFE898A-4DA9-4B56-9581-F62B2AA57513}.VSTS-CI|Any CPU.Build.0 = Debug|Any CPU
		{9DFE898A-4DA9-4B56-9581-F62B2AA57513}.VSTS-CI|x64.ActiveCfg = Debug|Any CPU
		{9DFE898A-4DA9-4B56-9581-F62B2AA57513}.VSTS-CI|x64.Build.0 = Debug|Any CPU
		{9DFE898A-4DA9-4B56-9581-F62B2AA57513}.VSTS-CI|x86.ActiveCfg = VSTS-CI|Any CPU
		{9DFE898A-4DA9-4B56-9581-F62B2AA57513}.VSTS-CI|x86.Build.0 = VSTS-CI|Any CPU
		{7DCF28B7-2669-447C-B1E4-947F35FAD8CB}.Debug|Any CPU.ActiveCfg = Debug|Any CPU
		{7DCF28B7-2669-447C-B1E4-947F35FAD8CB}.Debug|Any CPU.Build.0 = Debug|Any CPU
		{7DCF28B7-2669-447C-B1E4-947F35FAD8CB}.Debug|x64.ActiveCfg = Debug|Any CPU
		{7DCF28B7-2669-447C-B1E4-947F35FAD8CB}.Debug|x64.Build.0 = Debug|Any CPU
		{7DCF28B7-2669-447C-B1E4-947F35FAD8CB}.Debug|x86.ActiveCfg = Debug|Any CPU
		{7DCF28B7-2669-447C-B1E4-947F35FAD8CB}.Debug|x86.Build.0 = Debug|Any CPU
		{7DCF28B7-2669-447C-B1E4-947F35FAD8CB}.Release|Any CPU.ActiveCfg = Release|Any CPU
		{7DCF28B7-2669-447C-B1E4-947F35FAD8CB}.Release|Any CPU.Build.0 = Release|Any CPU
		{7DCF28B7-2669-447C-B1E4-947F35FAD8CB}.Release|x64.ActiveCfg = Release|Any CPU
		{7DCF28B7-2669-447C-B1E4-947F35FAD8CB}.Release|x64.Build.0 = Release|Any CPU
		{7DCF28B7-2669-447C-B1E4-947F35FAD8CB}.Release|x86.ActiveCfg = Release|Any CPU
		{7DCF28B7-2669-447C-B1E4-947F35FAD8CB}.Release|x86.Build.0 = Release|Any CPU
		{7DCF28B7-2669-447C-B1E4-947F35FAD8CB}.VSTS-CI|Any CPU.ActiveCfg = Debug|Any CPU
		{7DCF28B7-2669-447C-B1E4-947F35FAD8CB}.VSTS-CI|Any CPU.Build.0 = Debug|Any CPU
		{7DCF28B7-2669-447C-B1E4-947F35FAD8CB}.VSTS-CI|x64.ActiveCfg = Debug|Any CPU
		{7DCF28B7-2669-447C-B1E4-947F35FAD8CB}.VSTS-CI|x64.Build.0 = Debug|Any CPU
		{7DCF28B7-2669-447C-B1E4-947F35FAD8CB}.VSTS-CI|x86.ActiveCfg = VSTS-CI|Any CPU
		{7DCF28B7-2669-447C-B1E4-947F35FAD8CB}.VSTS-CI|x86.Build.0 = VSTS-CI|Any CPU
		{2650F1B9-C314-4DD1-837F-83559269EAD6}.Debug|Any CPU.ActiveCfg = Debug|Any CPU
		{2650F1B9-C314-4DD1-837F-83559269EAD6}.Debug|Any CPU.Build.0 = Debug|Any CPU
		{2650F1B9-C314-4DD1-837F-83559269EAD6}.Debug|x64.ActiveCfg = Debug|Any CPU
		{2650F1B9-C314-4DD1-837F-83559269EAD6}.Debug|x64.Build.0 = Debug|Any CPU
		{2650F1B9-C314-4DD1-837F-83559269EAD6}.Debug|x86.ActiveCfg = Debug|Any CPU
		{2650F1B9-C314-4DD1-837F-83559269EAD6}.Debug|x86.Build.0 = Debug|Any CPU
		{2650F1B9-C314-4DD1-837F-83559269EAD6}.Release|Any CPU.ActiveCfg = Release|Any CPU
		{2650F1B9-C314-4DD1-837F-83559269EAD6}.Release|Any CPU.Build.0 = Release|Any CPU
		{2650F1B9-C314-4DD1-837F-83559269EAD6}.Release|x64.ActiveCfg = Release|Any CPU
		{2650F1B9-C314-4DD1-837F-83559269EAD6}.Release|x64.Build.0 = Release|Any CPU
		{2650F1B9-C314-4DD1-837F-83559269EAD6}.Release|x86.ActiveCfg = Release|Any CPU
		{2650F1B9-C314-4DD1-837F-83559269EAD6}.Release|x86.Build.0 = Release|Any CPU
		{2650F1B9-C314-4DD1-837F-83559269EAD6}.VSTS-CI|Any CPU.ActiveCfg = Debug|Any CPU
		{2650F1B9-C314-4DD1-837F-83559269EAD6}.VSTS-CI|Any CPU.Build.0 = Debug|Any CPU
		{2650F1B9-C314-4DD1-837F-83559269EAD6}.VSTS-CI|x64.ActiveCfg = Debug|Any CPU
		{2650F1B9-C314-4DD1-837F-83559269EAD6}.VSTS-CI|x64.Build.0 = Debug|Any CPU
		{2650F1B9-C314-4DD1-837F-83559269EAD6}.VSTS-CI|x86.ActiveCfg = VSTS-CI|Any CPU
		{2650F1B9-C314-4DD1-837F-83559269EAD6}.VSTS-CI|x86.Build.0 = VSTS-CI|Any CPU
		{1DEB58A8-D193-4BDC-97E8-34A5D538AD1D}.Debug|Any CPU.ActiveCfg = Debug|Any CPU
		{1DEB58A8-D193-4BDC-97E8-34A5D538AD1D}.Debug|Any CPU.Build.0 = Debug|Any CPU
		{1DEB58A8-D193-4BDC-97E8-34A5D538AD1D}.Debug|x64.ActiveCfg = Debug|Any CPU
		{1DEB58A8-D193-4BDC-97E8-34A5D538AD1D}.Debug|x64.Build.0 = Debug|Any CPU
		{1DEB58A8-D193-4BDC-97E8-34A5D538AD1D}.Debug|x86.ActiveCfg = Debug|Any CPU
		{1DEB58A8-D193-4BDC-97E8-34A5D538AD1D}.Debug|x86.Build.0 = Debug|Any CPU
		{1DEB58A8-D193-4BDC-97E8-34A5D538AD1D}.Release|Any CPU.ActiveCfg = Release|Any CPU
		{1DEB58A8-D193-4BDC-97E8-34A5D538AD1D}.Release|Any CPU.Build.0 = Release|Any CPU
		{1DEB58A8-D193-4BDC-97E8-34A5D538AD1D}.Release|x64.ActiveCfg = Release|Any CPU
		{1DEB58A8-D193-4BDC-97E8-34A5D538AD1D}.Release|x64.Build.0 = Release|Any CPU
		{1DEB58A8-D193-4BDC-97E8-34A5D538AD1D}.Release|x86.ActiveCfg = Release|Any CPU
		{1DEB58A8-D193-4BDC-97E8-34A5D538AD1D}.Release|x86.Build.0 = Release|Any CPU
		{1DEB58A8-D193-4BDC-97E8-34A5D538AD1D}.VSTS-CI|Any CPU.ActiveCfg = Debug|Any CPU
		{1DEB58A8-D193-4BDC-97E8-34A5D538AD1D}.VSTS-CI|Any CPU.Build.0 = Debug|Any CPU
		{1DEB58A8-D193-4BDC-97E8-34A5D538AD1D}.VSTS-CI|x64.ActiveCfg = Debug|Any CPU
		{1DEB58A8-D193-4BDC-97E8-34A5D538AD1D}.VSTS-CI|x64.Build.0 = Debug|Any CPU
		{1DEB58A8-D193-4BDC-97E8-34A5D538AD1D}.VSTS-CI|x86.ActiveCfg = VSTS-CI|Any CPU
		{1DEB58A8-D193-4BDC-97E8-34A5D538AD1D}.VSTS-CI|x86.Build.0 = VSTS-CI|Any CPU
		{BD31540D-3E04-4E75-A73F-737E1EC226C3}.Debug|Any CPU.ActiveCfg = Debug|Any CPU
		{BD31540D-3E04-4E75-A73F-737E1EC226C3}.Debug|Any CPU.Build.0 = Debug|Any CPU
		{BD31540D-3E04-4E75-A73F-737E1EC226C3}.Debug|x64.ActiveCfg = Debug|Any CPU
		{BD31540D-3E04-4E75-A73F-737E1EC226C3}.Debug|x64.Build.0 = Debug|Any CPU
		{BD31540D-3E04-4E75-A73F-737E1EC226C3}.Debug|x86.ActiveCfg = Debug|Any CPU
		{BD31540D-3E04-4E75-A73F-737E1EC226C3}.Debug|x86.Build.0 = Debug|Any CPU
		{BD31540D-3E04-4E75-A73F-737E1EC226C3}.Release|Any CPU.ActiveCfg = Release|Any CPU
		{BD31540D-3E04-4E75-A73F-737E1EC226C3}.Release|Any CPU.Build.0 = Release|Any CPU
		{BD31540D-3E04-4E75-A73F-737E1EC226C3}.Release|x64.ActiveCfg = Release|Any CPU
		{BD31540D-3E04-4E75-A73F-737E1EC226C3}.Release|x64.Build.0 = Release|Any CPU
		{BD31540D-3E04-4E75-A73F-737E1EC226C3}.Release|x86.ActiveCfg = Release|Any CPU
		{BD31540D-3E04-4E75-A73F-737E1EC226C3}.Release|x86.Build.0 = Release|Any CPU
		{BD31540D-3E04-4E75-A73F-737E1EC226C3}.VSTS-CI|Any CPU.ActiveCfg = Debug|Any CPU
		{BD31540D-3E04-4E75-A73F-737E1EC226C3}.VSTS-CI|Any CPU.Build.0 = Debug|Any CPU
		{BD31540D-3E04-4E75-A73F-737E1EC226C3}.VSTS-CI|x64.ActiveCfg = Debug|Any CPU
		{BD31540D-3E04-4E75-A73F-737E1EC226C3}.VSTS-CI|x64.Build.0 = Debug|Any CPU
		{BD31540D-3E04-4E75-A73F-737E1EC226C3}.VSTS-CI|x86.ActiveCfg = VSTS-CI|Any CPU
		{BD31540D-3E04-4E75-A73F-737E1EC226C3}.VSTS-CI|x86.Build.0 = VSTS-CI|Any CPU
		{7AF46B05-81C4-4633-878D-F9D33DE497F5}.Debug|Any CPU.ActiveCfg = Debug|Any CPU
		{7AF46B05-81C4-4633-878D-F9D33DE497F5}.Debug|Any CPU.Build.0 = Debug|Any CPU
		{7AF46B05-81C4-4633-878D-F9D33DE497F5}.Debug|x64.ActiveCfg = Debug|Any CPU
		{7AF46B05-81C4-4633-878D-F9D33DE497F5}.Debug|x64.Build.0 = Debug|Any CPU
		{7AF46B05-81C4-4633-878D-F9D33DE497F5}.Debug|x86.ActiveCfg = Debug|Any CPU
		{7AF46B05-81C4-4633-878D-F9D33DE497F5}.Debug|x86.Build.0 = Debug|Any CPU
		{7AF46B05-81C4-4633-878D-F9D33DE497F5}.Release|Any CPU.ActiveCfg = Release|Any CPU
		{7AF46B05-81C4-4633-878D-F9D33DE497F5}.Release|Any CPU.Build.0 = Release|Any CPU
		{7AF46B05-81C4-4633-878D-F9D33DE497F5}.Release|x64.ActiveCfg = Release|Any CPU
		{7AF46B05-81C4-4633-878D-F9D33DE497F5}.Release|x64.Build.0 = Release|Any CPU
		{7AF46B05-81C4-4633-878D-F9D33DE497F5}.Release|x86.ActiveCfg = Release|Any CPU
		{7AF46B05-81C4-4633-878D-F9D33DE497F5}.Release|x86.Build.0 = Release|Any CPU
		{7AF46B05-81C4-4633-878D-F9D33DE497F5}.VSTS-CI|Any CPU.ActiveCfg = Debug|Any CPU
		{7AF46B05-81C4-4633-878D-F9D33DE497F5}.VSTS-CI|Any CPU.Build.0 = Debug|Any CPU
		{7AF46B05-81C4-4633-878D-F9D33DE497F5}.VSTS-CI|x64.ActiveCfg = Debug|Any CPU
		{7AF46B05-81C4-4633-878D-F9D33DE497F5}.VSTS-CI|x64.Build.0 = Debug|Any CPU
		{7AF46B05-81C4-4633-878D-F9D33DE497F5}.VSTS-CI|x86.ActiveCfg = VSTS-CI|Any CPU
		{7AF46B05-81C4-4633-878D-F9D33DE497F5}.VSTS-CI|x86.Build.0 = VSTS-CI|Any CPU
		{7510F3DE-5CB1-4798-BD0D-7F99D54D7B62}.Debug|Any CPU.ActiveCfg = Debug|Any CPU
		{7510F3DE-5CB1-4798-BD0D-7F99D54D7B62}.Debug|Any CPU.Build.0 = Debug|Any CPU
		{7510F3DE-5CB1-4798-BD0D-7F99D54D7B62}.Debug|x64.ActiveCfg = Debug|Any CPU
		{7510F3DE-5CB1-4798-BD0D-7F99D54D7B62}.Debug|x64.Build.0 = Debug|Any CPU
		{7510F3DE-5CB1-4798-BD0D-7F99D54D7B62}.Debug|x86.ActiveCfg = Debug|Any CPU
		{7510F3DE-5CB1-4798-BD0D-7F99D54D7B62}.Debug|x86.Build.0 = Debug|Any CPU
		{7510F3DE-5CB1-4798-BD0D-7F99D54D7B62}.Release|Any CPU.ActiveCfg = Release|Any CPU
		{7510F3DE-5CB1-4798-BD0D-7F99D54D7B62}.Release|Any CPU.Build.0 = Release|Any CPU
		{7510F3DE-5CB1-4798-BD0D-7F99D54D7B62}.Release|x64.ActiveCfg = Release|Any CPU
		{7510F3DE-5CB1-4798-BD0D-7F99D54D7B62}.Release|x64.Build.0 = Release|Any CPU
		{7510F3DE-5CB1-4798-BD0D-7F99D54D7B62}.Release|x86.ActiveCfg = Release|Any CPU
		{7510F3DE-5CB1-4798-BD0D-7F99D54D7B62}.Release|x86.Build.0 = Release|Any CPU
		{7510F3DE-5CB1-4798-BD0D-7F99D54D7B62}.VSTS-CI|Any CPU.ActiveCfg = Debug|Any CPU
		{7510F3DE-5CB1-4798-BD0D-7F99D54D7B62}.VSTS-CI|Any CPU.Build.0 = Debug|Any CPU
		{7510F3DE-5CB1-4798-BD0D-7F99D54D7B62}.VSTS-CI|x64.ActiveCfg = Debug|Any CPU
		{7510F3DE-5CB1-4798-BD0D-7F99D54D7B62}.VSTS-CI|x64.Build.0 = Debug|Any CPU
		{7510F3DE-5CB1-4798-BD0D-7F99D54D7B62}.VSTS-CI|x86.ActiveCfg = VSTS-CI|Any CPU
		{7510F3DE-5CB1-4798-BD0D-7F99D54D7B62}.VSTS-CI|x86.Build.0 = VSTS-CI|Any CPU
		{1D04788F-2C40-4707-A55D-199FEF02AE3E}.Debug|Any CPU.ActiveCfg = Debug|Any CPU
		{1D04788F-2C40-4707-A55D-199FEF02AE3E}.Debug|Any CPU.Build.0 = Debug|Any CPU
		{1D04788F-2C40-4707-A55D-199FEF02AE3E}.Debug|x64.ActiveCfg = Debug|Any CPU
		{1D04788F-2C40-4707-A55D-199FEF02AE3E}.Debug|x64.Build.0 = Debug|Any CPU
		{1D04788F-2C40-4707-A55D-199FEF02AE3E}.Debug|x86.ActiveCfg = Debug|Any CPU
		{1D04788F-2C40-4707-A55D-199FEF02AE3E}.Debug|x86.Build.0 = Debug|Any CPU
		{1D04788F-2C40-4707-A55D-199FEF02AE3E}.Release|Any CPU.ActiveCfg = Release|Any CPU
		{1D04788F-2C40-4707-A55D-199FEF02AE3E}.Release|Any CPU.Build.0 = Release|Any CPU
		{1D04788F-2C40-4707-A55D-199FEF02AE3E}.Release|x64.ActiveCfg = Release|Any CPU
		{1D04788F-2C40-4707-A55D-199FEF02AE3E}.Release|x64.Build.0 = Release|Any CPU
		{1D04788F-2C40-4707-A55D-199FEF02AE3E}.Release|x86.ActiveCfg = Release|Any CPU
		{1D04788F-2C40-4707-A55D-199FEF02AE3E}.Release|x86.Build.0 = Release|Any CPU
		{1D04788F-2C40-4707-A55D-199FEF02AE3E}.VSTS-CI|Any CPU.ActiveCfg = Debug|Any CPU
		{1D04788F-2C40-4707-A55D-199FEF02AE3E}.VSTS-CI|Any CPU.Build.0 = Debug|Any CPU
		{1D04788F-2C40-4707-A55D-199FEF02AE3E}.VSTS-CI|x64.ActiveCfg = Debug|Any CPU
		{1D04788F-2C40-4707-A55D-199FEF02AE3E}.VSTS-CI|x64.Build.0 = Debug|Any CPU
		{1D04788F-2C40-4707-A55D-199FEF02AE3E}.VSTS-CI|x86.ActiveCfg = VSTS-CI|Any CPU
		{1D04788F-2C40-4707-A55D-199FEF02AE3E}.VSTS-CI|x86.Build.0 = VSTS-CI|Any CPU
		{6BFE4327-B30D-4CC2-8761-A6B6DC7FADB6}.Debug|Any CPU.ActiveCfg = Debug|Any CPU
		{6BFE4327-B30D-4CC2-8761-A6B6DC7FADB6}.Debug|Any CPU.Build.0 = Debug|Any CPU
		{6BFE4327-B30D-4CC2-8761-A6B6DC7FADB6}.Debug|x64.ActiveCfg = Debug|Any CPU
		{6BFE4327-B30D-4CC2-8761-A6B6DC7FADB6}.Debug|x64.Build.0 = Debug|Any CPU
		{6BFE4327-B30D-4CC2-8761-A6B6DC7FADB6}.Debug|x86.ActiveCfg = Debug|Any CPU
		{6BFE4327-B30D-4CC2-8761-A6B6DC7FADB6}.Debug|x86.Build.0 = Debug|Any CPU
		{6BFE4327-B30D-4CC2-8761-A6B6DC7FADB6}.Release|Any CPU.ActiveCfg = Release|Any CPU
		{6BFE4327-B30D-4CC2-8761-A6B6DC7FADB6}.Release|Any CPU.Build.0 = Release|Any CPU
		{6BFE4327-B30D-4CC2-8761-A6B6DC7FADB6}.Release|x64.ActiveCfg = Release|Any CPU
		{6BFE4327-B30D-4CC2-8761-A6B6DC7FADB6}.Release|x64.Build.0 = Release|Any CPU
		{6BFE4327-B30D-4CC2-8761-A6B6DC7FADB6}.Release|x86.ActiveCfg = Release|Any CPU
		{6BFE4327-B30D-4CC2-8761-A6B6DC7FADB6}.Release|x86.Build.0 = Release|Any CPU
		{6BFE4327-B30D-4CC2-8761-A6B6DC7FADB6}.VSTS-CI|Any CPU.ActiveCfg = Debug|Any CPU
		{6BFE4327-B30D-4CC2-8761-A6B6DC7FADB6}.VSTS-CI|Any CPU.Build.0 = Debug|Any CPU
		{6BFE4327-B30D-4CC2-8761-A6B6DC7FADB6}.VSTS-CI|x64.ActiveCfg = Debug|Any CPU
		{6BFE4327-B30D-4CC2-8761-A6B6DC7FADB6}.VSTS-CI|x64.Build.0 = Debug|Any CPU
		{6BFE4327-B30D-4CC2-8761-A6B6DC7FADB6}.VSTS-CI|x86.ActiveCfg = VSTS-CI|Any CPU
		{6BFE4327-B30D-4CC2-8761-A6B6DC7FADB6}.VSTS-CI|x86.Build.0 = VSTS-CI|Any CPU
		{BBD2E000-66BA-45CE-BBA0-DD19CF3AFD5D}.Debug|Any CPU.ActiveCfg = Debug|Any CPU
		{BBD2E000-66BA-45CE-BBA0-DD19CF3AFD5D}.Debug|Any CPU.Build.0 = Debug|Any CPU
		{BBD2E000-66BA-45CE-BBA0-DD19CF3AFD5D}.Debug|x64.ActiveCfg = Debug|Any CPU
		{BBD2E000-66BA-45CE-BBA0-DD19CF3AFD5D}.Debug|x64.Build.0 = Debug|Any CPU
		{BBD2E000-66BA-45CE-BBA0-DD19CF3AFD5D}.Debug|x86.ActiveCfg = Debug|Any CPU
		{BBD2E000-66BA-45CE-BBA0-DD19CF3AFD5D}.Debug|x86.Build.0 = Debug|Any CPU
		{BBD2E000-66BA-45CE-BBA0-DD19CF3AFD5D}.Release|Any CPU.ActiveCfg = Release|Any CPU
		{BBD2E000-66BA-45CE-BBA0-DD19CF3AFD5D}.Release|Any CPU.Build.0 = Release|Any CPU
		{BBD2E000-66BA-45CE-BBA0-DD19CF3AFD5D}.Release|x64.ActiveCfg = Release|Any CPU
		{BBD2E000-66BA-45CE-BBA0-DD19CF3AFD5D}.Release|x64.Build.0 = Release|Any CPU
		{BBD2E000-66BA-45CE-BBA0-DD19CF3AFD5D}.Release|x86.ActiveCfg = Release|Any CPU
		{BBD2E000-66BA-45CE-BBA0-DD19CF3AFD5D}.Release|x86.Build.0 = Release|Any CPU
		{BBD2E000-66BA-45CE-BBA0-DD19CF3AFD5D}.VSTS-CI|Any CPU.ActiveCfg = Debug|Any CPU
		{BBD2E000-66BA-45CE-BBA0-DD19CF3AFD5D}.VSTS-CI|Any CPU.Build.0 = Debug|Any CPU
		{BBD2E000-66BA-45CE-BBA0-DD19CF3AFD5D}.VSTS-CI|x64.ActiveCfg = Debug|Any CPU
		{BBD2E000-66BA-45CE-BBA0-DD19CF3AFD5D}.VSTS-CI|x64.Build.0 = Debug|Any CPU
		{BBD2E000-66BA-45CE-BBA0-DD19CF3AFD5D}.VSTS-CI|x86.ActiveCfg = VSTS-CI|Any CPU
		{BBD2E000-66BA-45CE-BBA0-DD19CF3AFD5D}.VSTS-CI|x86.Build.0 = VSTS-CI|Any CPU
		{4D6F6F06-8DD5-4A28-B620-634D855EB68C}.Debug|Any CPU.ActiveCfg = Debug|Any CPU
		{4D6F6F06-8DD5-4A28-B620-634D855EB68C}.Debug|Any CPU.Build.0 = Debug|Any CPU
		{4D6F6F06-8DD5-4A28-B620-634D855EB68C}.Debug|x64.ActiveCfg = Debug|Any CPU
		{4D6F6F06-8DD5-4A28-B620-634D855EB68C}.Debug|x64.Build.0 = Debug|Any CPU
		{4D6F6F06-8DD5-4A28-B620-634D855EB68C}.Debug|x86.ActiveCfg = Debug|Any CPU
		{4D6F6F06-8DD5-4A28-B620-634D855EB68C}.Debug|x86.Build.0 = Debug|Any CPU
		{4D6F6F06-8DD5-4A28-B620-634D855EB68C}.Release|Any CPU.ActiveCfg = Release|Any CPU
		{4D6F6F06-8DD5-4A28-B620-634D855EB68C}.Release|Any CPU.Build.0 = Release|Any CPU
		{4D6F6F06-8DD5-4A28-B620-634D855EB68C}.Release|x64.ActiveCfg = Release|Any CPU
		{4D6F6F06-8DD5-4A28-B620-634D855EB68C}.Release|x64.Build.0 = Release|Any CPU
		{4D6F6F06-8DD5-4A28-B620-634D855EB68C}.Release|x86.ActiveCfg = Release|Any CPU
		{4D6F6F06-8DD5-4A28-B620-634D855EB68C}.Release|x86.Build.0 = Release|Any CPU
		{4D6F6F06-8DD5-4A28-B620-634D855EB68C}.VSTS-CI|Any CPU.ActiveCfg = Debug|Any CPU
		{4D6F6F06-8DD5-4A28-B620-634D855EB68C}.VSTS-CI|Any CPU.Build.0 = Debug|Any CPU
		{4D6F6F06-8DD5-4A28-B620-634D855EB68C}.VSTS-CI|x64.ActiveCfg = Debug|Any CPU
		{4D6F6F06-8DD5-4A28-B620-634D855EB68C}.VSTS-CI|x64.Build.0 = Debug|Any CPU
		{4D6F6F06-8DD5-4A28-B620-634D855EB68C}.VSTS-CI|x86.ActiveCfg = VSTS-CI|Any CPU
		{4D6F6F06-8DD5-4A28-B620-634D855EB68C}.VSTS-CI|x86.Build.0 = VSTS-CI|Any CPU
		{B9D6B5C5-8C92-4D30-BB82-D7A0B3B93869}.Debug|Any CPU.ActiveCfg = Debug|Any CPU
		{B9D6B5C5-8C92-4D30-BB82-D7A0B3B93869}.Debug|Any CPU.Build.0 = Debug|Any CPU
		{B9D6B5C5-8C92-4D30-BB82-D7A0B3B93869}.Debug|x64.ActiveCfg = Debug|Any CPU
		{B9D6B5C5-8C92-4D30-BB82-D7A0B3B93869}.Debug|x64.Build.0 = Debug|Any CPU
		{B9D6B5C5-8C92-4D30-BB82-D7A0B3B93869}.Debug|x86.ActiveCfg = Debug|Any CPU
		{B9D6B5C5-8C92-4D30-BB82-D7A0B3B93869}.Debug|x86.Build.0 = Debug|Any CPU
		{B9D6B5C5-8C92-4D30-BB82-D7A0B3B93869}.Release|Any CPU.ActiveCfg = Release|Any CPU
		{B9D6B5C5-8C92-4D30-BB82-D7A0B3B93869}.Release|Any CPU.Build.0 = Release|Any CPU
		{B9D6B5C5-8C92-4D30-BB82-D7A0B3B93869}.Release|x64.ActiveCfg = Release|Any CPU
		{B9D6B5C5-8C92-4D30-BB82-D7A0B3B93869}.Release|x64.Build.0 = Release|Any CPU
		{B9D6B5C5-8C92-4D30-BB82-D7A0B3B93869}.Release|x86.ActiveCfg = Release|Any CPU
		{B9D6B5C5-8C92-4D30-BB82-D7A0B3B93869}.Release|x86.Build.0 = Release|Any CPU
		{B9D6B5C5-8C92-4D30-BB82-D7A0B3B93869}.VSTS-CI|Any CPU.ActiveCfg = Debug|Any CPU
		{B9D6B5C5-8C92-4D30-BB82-D7A0B3B93869}.VSTS-CI|Any CPU.Build.0 = Debug|Any CPU
		{B9D6B5C5-8C92-4D30-BB82-D7A0B3B93869}.VSTS-CI|x64.ActiveCfg = Debug|Any CPU
		{B9D6B5C5-8C92-4D30-BB82-D7A0B3B93869}.VSTS-CI|x64.Build.0 = Debug|Any CPU
		{B9D6B5C5-8C92-4D30-BB82-D7A0B3B93869}.VSTS-CI|x86.ActiveCfg = VSTS-CI|Any CPU
		{B9D6B5C5-8C92-4D30-BB82-D7A0B3B93869}.VSTS-CI|x86.Build.0 = VSTS-CI|Any CPU
		{43E18D8F-FB41-490D-9D8F-5BBCBF5B103E}.Debug|Any CPU.ActiveCfg = Debug|Any CPU
		{43E18D8F-FB41-490D-9D8F-5BBCBF5B103E}.Debug|Any CPU.Build.0 = Debug|Any CPU
		{43E18D8F-FB41-490D-9D8F-5BBCBF5B103E}.Debug|x64.ActiveCfg = Debug|Any CPU
		{43E18D8F-FB41-490D-9D8F-5BBCBF5B103E}.Debug|x64.Build.0 = Debug|Any CPU
		{43E18D8F-FB41-490D-9D8F-5BBCBF5B103E}.Debug|x86.ActiveCfg = Debug|Any CPU
		{43E18D8F-FB41-490D-9D8F-5BBCBF5B103E}.Debug|x86.Build.0 = Debug|Any CPU
		{43E18D8F-FB41-490D-9D8F-5BBCBF5B103E}.Release|Any CPU.ActiveCfg = Release|Any CPU
		{43E18D8F-FB41-490D-9D8F-5BBCBF5B103E}.Release|Any CPU.Build.0 = Release|Any CPU
		{43E18D8F-FB41-490D-9D8F-5BBCBF5B103E}.Release|x64.ActiveCfg = Release|Any CPU
		{43E18D8F-FB41-490D-9D8F-5BBCBF5B103E}.Release|x64.Build.0 = Release|Any CPU
		{43E18D8F-FB41-490D-9D8F-5BBCBF5B103E}.Release|x86.ActiveCfg = Release|Any CPU
		{43E18D8F-FB41-490D-9D8F-5BBCBF5B103E}.Release|x86.Build.0 = Release|Any CPU
		{43E18D8F-FB41-490D-9D8F-5BBCBF5B103E}.VSTS-CI|Any CPU.ActiveCfg = Debug|Any CPU
		{43E18D8F-FB41-490D-9D8F-5BBCBF5B103E}.VSTS-CI|Any CPU.Build.0 = Debug|Any CPU
		{43E18D8F-FB41-490D-9D8F-5BBCBF5B103E}.VSTS-CI|x64.ActiveCfg = Debug|Any CPU
		{43E18D8F-FB41-490D-9D8F-5BBCBF5B103E}.VSTS-CI|x64.Build.0 = Debug|Any CPU
		{43E18D8F-FB41-490D-9D8F-5BBCBF5B103E}.VSTS-CI|x86.ActiveCfg = VSTS-CI|Any CPU
		{43E18D8F-FB41-490D-9D8F-5BBCBF5B103E}.VSTS-CI|x86.Build.0 = VSTS-CI|Any CPU
		{53BF4BC8-69A2-4517-80E3-E988EE490970}.Debug|Any CPU.ActiveCfg = Debug|Any CPU
		{53BF4BC8-69A2-4517-80E3-E988EE490970}.Debug|Any CPU.Build.0 = Debug|Any CPU
		{53BF4BC8-69A2-4517-80E3-E988EE490970}.Debug|x64.ActiveCfg = Debug|Any CPU
		{53BF4BC8-69A2-4517-80E3-E988EE490970}.Debug|x64.Build.0 = Debug|Any CPU
		{53BF4BC8-69A2-4517-80E3-E988EE490970}.Debug|x86.ActiveCfg = Debug|Any CPU
		{53BF4BC8-69A2-4517-80E3-E988EE490970}.Debug|x86.Build.0 = Debug|Any CPU
		{53BF4BC8-69A2-4517-80E3-E988EE490970}.Release|Any CPU.ActiveCfg = Release|Any CPU
		{53BF4BC8-69A2-4517-80E3-E988EE490970}.Release|Any CPU.Build.0 = Release|Any CPU
		{53BF4BC8-69A2-4517-80E3-E988EE490970}.Release|x64.ActiveCfg = Release|Any CPU
		{53BF4BC8-69A2-4517-80E3-E988EE490970}.Release|x64.Build.0 = Release|Any CPU
		{53BF4BC8-69A2-4517-80E3-E988EE490970}.Release|x86.ActiveCfg = Release|Any CPU
		{53BF4BC8-69A2-4517-80E3-E988EE490970}.Release|x86.Build.0 = Release|Any CPU
		{53BF4BC8-69A2-4517-80E3-E988EE490970}.VSTS-CI|Any CPU.ActiveCfg = Release|Any CPU
		{53BF4BC8-69A2-4517-80E3-E988EE490970}.VSTS-CI|Any CPU.Build.0 = Release|Any CPU
		{53BF4BC8-69A2-4517-80E3-E988EE490970}.VSTS-CI|x64.ActiveCfg = Release|Any CPU
		{53BF4BC8-69A2-4517-80E3-E988EE490970}.VSTS-CI|x64.Build.0 = Release|Any CPU
		{53BF4BC8-69A2-4517-80E3-E988EE490970}.VSTS-CI|x86.ActiveCfg = VSTS-CI|Any CPU
		{53BF4BC8-69A2-4517-80E3-E988EE490970}.VSTS-CI|x86.Build.0 = VSTS-CI|Any CPU
		{4EEA9BCE-FD77-4C21-A7E9-99D614CE4CC6}.Debug|Any CPU.ActiveCfg = Debug|Any CPU
		{4EEA9BCE-FD77-4C21-A7E9-99D614CE4CC6}.Debug|Any CPU.Build.0 = Debug|Any CPU
		{4EEA9BCE-FD77-4C21-A7E9-99D614CE4CC6}.Debug|x64.ActiveCfg = Debug|Any CPU
		{4EEA9BCE-FD77-4C21-A7E9-99D614CE4CC6}.Debug|x64.Build.0 = Debug|Any CPU
		{4EEA9BCE-FD77-4C21-A7E9-99D614CE4CC6}.Debug|x86.ActiveCfg = Debug|Any CPU
		{4EEA9BCE-FD77-4C21-A7E9-99D614CE4CC6}.Debug|x86.Build.0 = Debug|Any CPU
		{4EEA9BCE-FD77-4C21-A7E9-99D614CE4CC6}.Release|Any CPU.ActiveCfg = Release|Any CPU
		{4EEA9BCE-FD77-4C21-A7E9-99D614CE4CC6}.Release|Any CPU.Build.0 = Release|Any CPU
		{4EEA9BCE-FD77-4C21-A7E9-99D614CE4CC6}.Release|x64.ActiveCfg = Release|Any CPU
		{4EEA9BCE-FD77-4C21-A7E9-99D614CE4CC6}.Release|x64.Build.0 = Release|Any CPU
		{4EEA9BCE-FD77-4C21-A7E9-99D614CE4CC6}.Release|x86.ActiveCfg = Release|Any CPU
		{4EEA9BCE-FD77-4C21-A7E9-99D614CE4CC6}.Release|x86.Build.0 = Release|Any CPU
		{4EEA9BCE-FD77-4C21-A7E9-99D614CE4CC6}.VSTS-CI|Any CPU.ActiveCfg = Release|Any CPU
		{4EEA9BCE-FD77-4C21-A7E9-99D614CE4CC6}.VSTS-CI|Any CPU.Build.0 = Release|Any CPU
		{4EEA9BCE-FD77-4C21-A7E9-99D614CE4CC6}.VSTS-CI|x64.ActiveCfg = Release|Any CPU
		{4EEA9BCE-FD77-4C21-A7E9-99D614CE4CC6}.VSTS-CI|x64.Build.0 = Release|Any CPU
		{4EEA9BCE-FD77-4C21-A7E9-99D614CE4CC6}.VSTS-CI|x86.ActiveCfg = VSTS-CI|Any CPU
		{4EEA9BCE-FD77-4C21-A7E9-99D614CE4CC6}.VSTS-CI|x86.Build.0 = VSTS-CI|Any CPU
		{72B979F1-066C-4664-83BB-A0F0564A04E3}.Debug|Any CPU.ActiveCfg = Debug|Any CPU
		{72B979F1-066C-4664-83BB-A0F0564A04E3}.Debug|Any CPU.Build.0 = Debug|Any CPU
		{72B979F1-066C-4664-83BB-A0F0564A04E3}.Debug|x64.ActiveCfg = Debug|Any CPU
		{72B979F1-066C-4664-83BB-A0F0564A04E3}.Debug|x64.Build.0 = Debug|Any CPU
		{72B979F1-066C-4664-83BB-A0F0564A04E3}.Debug|x86.ActiveCfg = Debug|Any CPU
		{72B979F1-066C-4664-83BB-A0F0564A04E3}.Debug|x86.Build.0 = Debug|Any CPU
		{72B979F1-066C-4664-83BB-A0F0564A04E3}.Release|Any CPU.ActiveCfg = Release|Any CPU
		{72B979F1-066C-4664-83BB-A0F0564A04E3}.Release|Any CPU.Build.0 = Release|Any CPU
		{72B979F1-066C-4664-83BB-A0F0564A04E3}.Release|x64.ActiveCfg = Release|Any CPU
		{72B979F1-066C-4664-83BB-A0F0564A04E3}.Release|x64.Build.0 = Release|Any CPU
		{72B979F1-066C-4664-83BB-A0F0564A04E3}.Release|x86.ActiveCfg = Release|Any CPU
		{72B979F1-066C-4664-83BB-A0F0564A04E3}.Release|x86.Build.0 = Release|Any CPU
		{72B979F1-066C-4664-83BB-A0F0564A04E3}.VSTS-CI|Any CPU.ActiveCfg = Release|Any CPU
		{72B979F1-066C-4664-83BB-A0F0564A04E3}.VSTS-CI|Any CPU.Build.0 = Release|Any CPU
		{72B979F1-066C-4664-83BB-A0F0564A04E3}.VSTS-CI|x64.ActiveCfg = Release|Any CPU
		{72B979F1-066C-4664-83BB-A0F0564A04E3}.VSTS-CI|x64.Build.0 = Release|Any CPU
		{72B979F1-066C-4664-83BB-A0F0564A04E3}.VSTS-CI|x86.ActiveCfg = VSTS-CI|Any CPU
		{72B979F1-066C-4664-83BB-A0F0564A04E3}.VSTS-CI|x86.Build.0 = VSTS-CI|Any CPU
		{028491BE-D0A4-4CEC-A8B8-FCCB19538028}.Debug|Any CPU.ActiveCfg = Debug|Any CPU
		{028491BE-D0A4-4CEC-A8B8-FCCB19538028}.Debug|Any CPU.Build.0 = Debug|Any CPU
		{028491BE-D0A4-4CEC-A8B8-FCCB19538028}.Debug|x64.ActiveCfg = Debug|Any CPU
		{028491BE-D0A4-4CEC-A8B8-FCCB19538028}.Debug|x64.Build.0 = Debug|Any CPU
		{028491BE-D0A4-4CEC-A8B8-FCCB19538028}.Debug|x86.ActiveCfg = Debug|Any CPU
		{028491BE-D0A4-4CEC-A8B8-FCCB19538028}.Debug|x86.Build.0 = Debug|Any CPU
		{028491BE-D0A4-4CEC-A8B8-FCCB19538028}.Release|Any CPU.ActiveCfg = Release|Any CPU
		{028491BE-D0A4-4CEC-A8B8-FCCB19538028}.Release|Any CPU.Build.0 = Release|Any CPU
		{028491BE-D0A4-4CEC-A8B8-FCCB19538028}.Release|x64.ActiveCfg = Release|Any CPU
		{028491BE-D0A4-4CEC-A8B8-FCCB19538028}.Release|x64.Build.0 = Release|Any CPU
		{028491BE-D0A4-4CEC-A8B8-FCCB19538028}.Release|x86.ActiveCfg = Release|Any CPU
		{028491BE-D0A4-4CEC-A8B8-FCCB19538028}.Release|x86.Build.0 = Release|Any CPU
		{028491BE-D0A4-4CEC-A8B8-FCCB19538028}.VSTS-CI|Any CPU.ActiveCfg = Release|Any CPU
		{028491BE-D0A4-4CEC-A8B8-FCCB19538028}.VSTS-CI|Any CPU.Build.0 = Release|Any CPU
		{028491BE-D0A4-4CEC-A8B8-FCCB19538028}.VSTS-CI|x64.ActiveCfg = Release|Any CPU
		{028491BE-D0A4-4CEC-A8B8-FCCB19538028}.VSTS-CI|x64.Build.0 = Release|Any CPU
		{028491BE-D0A4-4CEC-A8B8-FCCB19538028}.VSTS-CI|x86.ActiveCfg = VSTS-CI|Any CPU
		{028491BE-D0A4-4CEC-A8B8-FCCB19538028}.VSTS-CI|x86.Build.0 = VSTS-CI|Any CPU
		{C8DCA563-4F2F-3C08-9877-23871E335104}.Debug|Any CPU.ActiveCfg = Debug|Any CPU
		{C8DCA563-4F2F-3C08-9877-23871E335104}.Debug|Any CPU.Build.0 = Debug|Any CPU
		{C8DCA563-4F2F-3C08-9877-23871E335104}.Debug|x64.ActiveCfg = Debug|Any CPU
		{C8DCA563-4F2F-3C08-9877-23871E335104}.Debug|x64.Build.0 = Debug|Any CPU
		{C8DCA563-4F2F-3C08-9877-23871E335104}.Debug|x86.ActiveCfg = Debug|Any CPU
		{C8DCA563-4F2F-3C08-9877-23871E335104}.Debug|x86.Build.0 = Debug|Any CPU
		{C8DCA563-4F2F-3C08-9877-23871E335104}.Release|Any CPU.ActiveCfg = Release|Any CPU
		{C8DCA563-4F2F-3C08-9877-23871E335104}.Release|Any CPU.Build.0 = Release|Any CPU
		{C8DCA563-4F2F-3C08-9877-23871E335104}.Release|x64.ActiveCfg = Release|Any CPU
		{C8DCA563-4F2F-3C08-9877-23871E335104}.Release|x64.Build.0 = Release|Any CPU
		{C8DCA563-4F2F-3C08-9877-23871E335104}.Release|x86.ActiveCfg = Release|Any CPU
		{C8DCA563-4F2F-3C08-9877-23871E335104}.Release|x86.Build.0 = Release|Any CPU
		{C8DCA563-4F2F-3C08-9877-23871E335104}.VSTS-CI|Any CPU.ActiveCfg = Release|Any CPU
		{C8DCA563-4F2F-3C08-9877-23871E335104}.VSTS-CI|Any CPU.Build.0 = Release|Any CPU
		{C8DCA563-4F2F-3C08-9877-23871E335104}.VSTS-CI|x64.ActiveCfg = Release|Any CPU
		{C8DCA563-4F2F-3C08-9877-23871E335104}.VSTS-CI|x64.Build.0 = Release|Any CPU
		{C8DCA563-4F2F-3C08-9877-23871E335104}.VSTS-CI|x86.ActiveCfg = VSTS-CI|Any CPU
		{C8DCA563-4F2F-3C08-9877-23871E335104}.VSTS-CI|x86.Build.0 = VSTS-CI|Any CPU
		{03D7C9B8-4C7A-EFF9-EA56-3716533B8F14}.Debug|Any CPU.ActiveCfg = Debug|Any CPU
		{03D7C9B8-4C7A-EFF9-EA56-3716533B8F14}.Debug|Any CPU.Build.0 = Debug|Any CPU
		{03D7C9B8-4C7A-EFF9-EA56-3716533B8F14}.Debug|x64.ActiveCfg = Debug|Any CPU
		{03D7C9B8-4C7A-EFF9-EA56-3716533B8F14}.Debug|x64.Build.0 = Debug|Any CPU
		{03D7C9B8-4C7A-EFF9-EA56-3716533B8F14}.Debug|x86.ActiveCfg = Debug|Any CPU
		{03D7C9B8-4C7A-EFF9-EA56-3716533B8F14}.Debug|x86.Build.0 = Debug|Any CPU
		{03D7C9B8-4C7A-EFF9-EA56-3716533B8F14}.Release|Any CPU.ActiveCfg = Release|Any CPU
		{03D7C9B8-4C7A-EFF9-EA56-3716533B8F14}.Release|Any CPU.Build.0 = Release|Any CPU
		{03D7C9B8-4C7A-EFF9-EA56-3716533B8F14}.Release|x64.ActiveCfg = Release|Any CPU
		{03D7C9B8-4C7A-EFF9-EA56-3716533B8F14}.Release|x64.Build.0 = Release|Any CPU
		{03D7C9B8-4C7A-EFF9-EA56-3716533B8F14}.Release|x86.ActiveCfg = Release|Any CPU
		{03D7C9B8-4C7A-EFF9-EA56-3716533B8F14}.Release|x86.Build.0 = Release|Any CPU
		{03D7C9B8-4C7A-EFF9-EA56-3716533B8F14}.VSTS-CI|Any CPU.ActiveCfg = Release|Any CPU
		{03D7C9B8-4C7A-EFF9-EA56-3716533B8F14}.VSTS-CI|Any CPU.Build.0 = Release|Any CPU
		{03D7C9B8-4C7A-EFF9-EA56-3716533B8F14}.VSTS-CI|x64.ActiveCfg = Release|Any CPU
		{03D7C9B8-4C7A-EFF9-EA56-3716533B8F14}.VSTS-CI|x64.Build.0 = Release|Any CPU
		{03D7C9B8-4C7A-EFF9-EA56-3716533B8F14}.VSTS-CI|x86.ActiveCfg = VSTS-CI|Any CPU
		{03D7C9B8-4C7A-EFF9-EA56-3716533B8F14}.VSTS-CI|x86.Build.0 = VSTS-CI|Any CPU
		{3A904B2B-A404-4345-9D27-AE53956B5AE2}.Debug|Any CPU.ActiveCfg = Debug|Any CPU
		{3A904B2B-A404-4345-9D27-AE53956B5AE2}.Debug|Any CPU.Build.0 = Debug|Any CPU
		{3A904B2B-A404-4345-9D27-AE53956B5AE2}.Debug|x64.ActiveCfg = Debug|Any CPU
		{3A904B2B-A404-4345-9D27-AE53956B5AE2}.Debug|x64.Build.0 = Debug|Any CPU
		{3A904B2B-A404-4345-9D27-AE53956B5AE2}.Debug|x86.ActiveCfg = Debug|Any CPU
		{3A904B2B-A404-4345-9D27-AE53956B5AE2}.Debug|x86.Build.0 = Debug|Any CPU
		{3A904B2B-A404-4345-9D27-AE53956B5AE2}.Release|Any CPU.ActiveCfg = Release|Any CPU
		{3A904B2B-A404-4345-9D27-AE53956B5AE2}.Release|Any CPU.Build.0 = Release|Any CPU
		{3A904B2B-A404-4345-9D27-AE53956B5AE2}.Release|x64.ActiveCfg = Release|Any CPU
		{3A904B2B-A404-4345-9D27-AE53956B5AE2}.Release|x64.Build.0 = Release|Any CPU
		{3A904B2B-A404-4345-9D27-AE53956B5AE2}.Release|x86.ActiveCfg = Release|Any CPU
		{3A904B2B-A404-4345-9D27-AE53956B5AE2}.Release|x86.Build.0 = Release|Any CPU
		{3A904B2B-A404-4345-9D27-AE53956B5AE2}.VSTS-CI|Any CPU.ActiveCfg = Release|Any CPU
		{3A904B2B-A404-4345-9D27-AE53956B5AE2}.VSTS-CI|Any CPU.Build.0 = Release|Any CPU
		{3A904B2B-A404-4345-9D27-AE53956B5AE2}.VSTS-CI|x64.ActiveCfg = Release|Any CPU
		{3A904B2B-A404-4345-9D27-AE53956B5AE2}.VSTS-CI|x64.Build.0 = Release|Any CPU
		{3A904B2B-A404-4345-9D27-AE53956B5AE2}.VSTS-CI|x86.ActiveCfg = VSTS-CI|Any CPU
		{3A904B2B-A404-4345-9D27-AE53956B5AE2}.VSTS-CI|x86.Build.0 = VSTS-CI|Any CPU
		{AA40B45C-7E24-483B-9F47-062590B4CA08}.Debug|Any CPU.ActiveCfg = Debug|Any CPU
		{AA40B45C-7E24-483B-9F47-062590B4CA08}.Debug|Any CPU.Build.0 = Debug|Any CPU
		{AA40B45C-7E24-483B-9F47-062590B4CA08}.Debug|x64.ActiveCfg = Debug|Any CPU
		{AA40B45C-7E24-483B-9F47-062590B4CA08}.Debug|x64.Build.0 = Debug|Any CPU
		{AA40B45C-7E24-483B-9F47-062590B4CA08}.Debug|x86.ActiveCfg = Debug|Any CPU
		{AA40B45C-7E24-483B-9F47-062590B4CA08}.Debug|x86.Build.0 = Debug|Any CPU
		{AA40B45C-7E24-483B-9F47-062590B4CA08}.Release|Any CPU.ActiveCfg = Release|Any CPU
		{AA40B45C-7E24-483B-9F47-062590B4CA08}.Release|Any CPU.Build.0 = Release|Any CPU
		{AA40B45C-7E24-483B-9F47-062590B4CA08}.Release|x64.ActiveCfg = Release|Any CPU
		{AA40B45C-7E24-483B-9F47-062590B4CA08}.Release|x64.Build.0 = Release|Any CPU
		{AA40B45C-7E24-483B-9F47-062590B4CA08}.Release|x86.ActiveCfg = Release|Any CPU
		{AA40B45C-7E24-483B-9F47-062590B4CA08}.Release|x86.Build.0 = Release|Any CPU
		{AA40B45C-7E24-483B-9F47-062590B4CA08}.VSTS-CI|Any CPU.ActiveCfg = Release|Any CPU
		{AA40B45C-7E24-483B-9F47-062590B4CA08}.VSTS-CI|Any CPU.Build.0 = Release|Any CPU
		{AA40B45C-7E24-483B-9F47-062590B4CA08}.VSTS-CI|x64.ActiveCfg = Release|Any CPU
		{AA40B45C-7E24-483B-9F47-062590B4CA08}.VSTS-CI|x64.Build.0 = Release|Any CPU
		{AA40B45C-7E24-483B-9F47-062590B4CA08}.VSTS-CI|x86.ActiveCfg = VSTS-CI|Any CPU
		{AA40B45C-7E24-483B-9F47-062590B4CA08}.VSTS-CI|x86.Build.0 = VSTS-CI|Any CPU
		{90219F1E-3A2F-4E61-A1B4-86796EB50599}.Debug|Any CPU.ActiveCfg = Debug|Any CPU
		{90219F1E-3A2F-4E61-A1B4-86796EB50599}.Debug|Any CPU.Build.0 = Debug|Any CPU
		{90219F1E-3A2F-4E61-A1B4-86796EB50599}.Debug|x64.ActiveCfg = Debug|Any CPU
		{90219F1E-3A2F-4E61-A1B4-86796EB50599}.Debug|x64.Build.0 = Debug|Any CPU
		{90219F1E-3A2F-4E61-A1B4-86796EB50599}.Debug|x86.ActiveCfg = Debug|Any CPU
		{90219F1E-3A2F-4E61-A1B4-86796EB50599}.Debug|x86.Build.0 = Debug|Any CPU
		{90219F1E-3A2F-4E61-A1B4-86796EB50599}.Release|Any CPU.ActiveCfg = Release|Any CPU
		{90219F1E-3A2F-4E61-A1B4-86796EB50599}.Release|Any CPU.Build.0 = Release|Any CPU
		{90219F1E-3A2F-4E61-A1B4-86796EB50599}.Release|x64.ActiveCfg = Release|Any CPU
		{90219F1E-3A2F-4E61-A1B4-86796EB50599}.Release|x64.Build.0 = Release|Any CPU
		{90219F1E-3A2F-4E61-A1B4-86796EB50599}.Release|x86.ActiveCfg = Release|Any CPU
		{90219F1E-3A2F-4E61-A1B4-86796EB50599}.Release|x86.Build.0 = Release|Any CPU
		{90219F1E-3A2F-4E61-A1B4-86796EB50599}.VSTS-CI|Any CPU.ActiveCfg = Release|Any CPU
		{90219F1E-3A2F-4E61-A1B4-86796EB50599}.VSTS-CI|Any CPU.Build.0 = Release|Any CPU
		{90219F1E-3A2F-4E61-A1B4-86796EB50599}.VSTS-CI|x64.ActiveCfg = Release|Any CPU
		{90219F1E-3A2F-4E61-A1B4-86796EB50599}.VSTS-CI|x64.Build.0 = Release|Any CPU
		{90219F1E-3A2F-4E61-A1B4-86796EB50599}.VSTS-CI|x86.ActiveCfg = VSTS-CI|Any CPU
		{90219F1E-3A2F-4E61-A1B4-86796EB50599}.VSTS-CI|x86.Build.0 = VSTS-CI|Any CPU
		{3CF3D3F3-251F-4EA7-A7E1-4D79532AB78A}.Debug|Any CPU.ActiveCfg = Debug|Any CPU
		{3CF3D3F3-251F-4EA7-A7E1-4D79532AB78A}.Debug|Any CPU.Build.0 = Debug|Any CPU
		{3CF3D3F3-251F-4EA7-A7E1-4D79532AB78A}.Debug|x64.ActiveCfg = Debug|Any CPU
		{3CF3D3F3-251F-4EA7-A7E1-4D79532AB78A}.Debug|x64.Build.0 = Debug|Any CPU
		{3CF3D3F3-251F-4EA7-A7E1-4D79532AB78A}.Debug|x86.ActiveCfg = Debug|Any CPU
		{3CF3D3F3-251F-4EA7-A7E1-4D79532AB78A}.Debug|x86.Build.0 = Debug|Any CPU
		{3CF3D3F3-251F-4EA7-A7E1-4D79532AB78A}.Release|Any CPU.ActiveCfg = Release|Any CPU
		{3CF3D3F3-251F-4EA7-A7E1-4D79532AB78A}.Release|Any CPU.Build.0 = Release|Any CPU
		{3CF3D3F3-251F-4EA7-A7E1-4D79532AB78A}.Release|x64.ActiveCfg = Release|Any CPU
		{3CF3D3F3-251F-4EA7-A7E1-4D79532AB78A}.Release|x64.Build.0 = Release|Any CPU
		{3CF3D3F3-251F-4EA7-A7E1-4D79532AB78A}.Release|x86.ActiveCfg = Release|Any CPU
		{3CF3D3F3-251F-4EA7-A7E1-4D79532AB78A}.Release|x86.Build.0 = Release|Any CPU
		{3CF3D3F3-251F-4EA7-A7E1-4D79532AB78A}.VSTS-CI|Any CPU.ActiveCfg = Debug|Any CPU
		{3CF3D3F3-251F-4EA7-A7E1-4D79532AB78A}.VSTS-CI|Any CPU.Build.0 = Debug|Any CPU
		{3CF3D3F3-251F-4EA7-A7E1-4D79532AB78A}.VSTS-CI|x64.ActiveCfg = Debug|Any CPU
		{3CF3D3F3-251F-4EA7-A7E1-4D79532AB78A}.VSTS-CI|x64.Build.0 = Debug|Any CPU
		{3CF3D3F3-251F-4EA7-A7E1-4D79532AB78A}.VSTS-CI|x86.ActiveCfg = Debug|Any CPU
		{3CF3D3F3-251F-4EA7-A7E1-4D79532AB78A}.VSTS-CI|x86.Build.0 = Debug|Any CPU
	EndGlobalSection
	GlobalSection(SolutionProperties) = preSolution
		HideSolutionNode = FALSE
	EndGlobalSection
	GlobalSection(NestedProjects) = preSolution
		{0FD20B12-8248-40AA-89D2-E9109F0D6E88} = {54787B8D-BE3D-0E23-1C8C-24CA44B0D309}
		{A7622E2B-255A-4C84-A8AA-B34B96678189} = {54787B8D-BE3D-0E23-1C8C-24CA44B0D309}
		{4C2ADF1B-6E56-43E6-8DAF-A88326414FE1} = {54787B8D-BE3D-0E23-1C8C-24CA44B0D309}
		{64C30BE0-EC17-4C9E-874B-D80D24640FDC} = {FA8F958C-71DA-4287-9F53-5536A70AA274}
		{2F7A5F12-2EE2-444E-90FA-A838768B4509} = {FA8F958C-71DA-4287-9F53-5536A70AA274}
		{E106E553-9FEC-45E5-9A3F-886D6908AC33} = {64C30BE0-EC17-4C9E-874B-D80D24640FDC}
		{0AF8B3E9-E08A-4BF1-B29A-D4AC65C385DB} = {E106E553-9FEC-45E5-9A3F-886D6908AC33}
		{149194AE-A6C1-4F65-BC3B-289241E3F628} = {2F7A5F12-2EE2-444E-90FA-A838768B4509}
		{0FAA05EA-AA87-477C-AAFE-171DD7AD483D} = {54787B8D-BE3D-0E23-1C8C-24CA44B0D309}
		{9DFE898A-4DA9-4B56-9581-F62B2AA57513} = {2714CC10-AB29-4CE9-A9CC-4E6AD1E40312}
		{2714CC10-AB29-4CE9-A9CC-4E6AD1E40312} = {54787B8D-BE3D-0E23-1C8C-24CA44B0D309}
		{7DCF28B7-2669-447C-B1E4-947F35FAD8CB} = {2714CC10-AB29-4CE9-A9CC-4E6AD1E40312}
		{2650F1B9-C314-4DD1-837F-83559269EAD6} = {2714CC10-AB29-4CE9-A9CC-4E6AD1E40312}
		{1DEB58A8-D193-4BDC-97E8-34A5D538AD1D} = {2714CC10-AB29-4CE9-A9CC-4E6AD1E40312}
		{BD31540D-3E04-4E75-A73F-737E1EC226C3} = {2714CC10-AB29-4CE9-A9CC-4E6AD1E40312}
		{43E18D8F-FB41-490D-9D8F-5BBCBF5B103E} = {54787B8D-BE3D-0E23-1C8C-24CA44B0D309}
		{3CF3D3F3-251F-4EA7-A7E1-4D79532AB78A} = {5C225173-831E-4797-B946-845F185EE359}
	EndGlobalSection
	GlobalSection(ExtensibilityGlobals) = postSolution
		SolutionGuid = {32963F03-EC23-4F51-A9D4-FB17A528947E}
	EndGlobalSection
EndGlobal
